// !$*UTF8*$!
{
	archiveVersion = 1;
	classes = {
	};
	objectVersion = 51;
	objects = {

/* Begin PBXBuildFile section */
		61A895351406C165DD8E25CB /* Pods_InstagramFirestore.framework in Frameworks */ = {isa = PBXBuildFile; fileRef = BC6D2DB629061679061D8173 /* Pods_InstagramFirestore.framework */; };
		8A0371A62656199400F1A873 /* UploadPostController.swift in Sources */ = {isa = PBXBuildFile; fileRef = 8A0371A52656199400F1A873 /* UploadPostController.swift */; };
		8A065355264FA41E00A13F29 /* ProfileCell.swift in Sources */ = {isa = PBXBuildFile; fileRef = 8A065354264FA41E00A13F29 /* ProfileCell.swift */; };
		8A065359264FA42A00A13F29 /* ProfileHeader.swift in Sources */ = {isa = PBXBuildFile; fileRef = 8A065358264FA42A00A13F29 /* ProfileHeader.swift */; };
		8A11DF7726406E4500F781F0 /* CustomTextField.swift in Sources */ = {isa = PBXBuildFile; fileRef = 8A11DF7626406E4500F781F0 /* CustomTextField.swift */; };
		8A1AE2B726502A7C00531552 /* UserService.swift in Sources */ = {isa = PBXBuildFile; fileRef = 8A1AE2B626502A7C00531552 /* UserService.swift */; };
		8A1AE2BA26502ABE00531552 /* Constants.swift in Sources */ = {isa = PBXBuildFile; fileRef = 8A1AE2B926502ABE00531552 /* Constants.swift */; };
		8A1AE2BD26502C8900531552 /* User.swift in Sources */ = {isa = PBXBuildFile; fileRef = 8A1AE2BC26502C8900531552 /* User.swift */; };
		8A1AE2C02650320600531552 /* ProfileViewModel.swift in Sources */ = {isa = PBXBuildFile; fileRef = 8A1AE2BF2650320600531552 /* ProfileViewModel.swift */; };
		8A46A3BC26492B7F00A494E0 /* GoogleService-Info.plist in Resources */ = {isa = PBXBuildFile; fileRef = 8A46A3BB26492B7F00A494E0 /* GoogleService-Info.plist */; };
		8A5A57FA26515D9D00F1A13B /* UserCell.swift in Sources */ = {isa = PBXBuildFile; fileRef = 8A5A57F926515D9D00F1A13B /* UserCell.swift */; };
		8A5A57FD2651651000F1A13B /* UserCellViewModel.swift in Sources */ = {isa = PBXBuildFile; fileRef = 8A5A57FC2651651000F1A13B /* UserCellViewModel.swift */; };
		8A5CA625263FB66500FC4F4B /* AppDelegate.swift in Sources */ = {isa = PBXBuildFile; fileRef = 8A5CA624263FB66500FC4F4B /* AppDelegate.swift */; };
		8A5CA627263FB66500FC4F4B /* SceneDelegate.swift in Sources */ = {isa = PBXBuildFile; fileRef = 8A5CA626263FB66500FC4F4B /* SceneDelegate.swift */; };
		8A5CA629263FB66500FC4F4B /* ViewController.swift in Sources */ = {isa = PBXBuildFile; fileRef = 8A5CA628263FB66500FC4F4B /* ViewController.swift */; };
		8A5CA62C263FB66500FC4F4B /* Main.storyboard in Resources */ = {isa = PBXBuildFile; fileRef = 8A5CA62A263FB66500FC4F4B /* Main.storyboard */; };
		8A5CA62E263FB66600FC4F4B /* Assets.xcassets in Resources */ = {isa = PBXBuildFile; fileRef = 8A5CA62D263FB66600FC4F4B /* Assets.xcassets */; };
		8A5CA631263FB66600FC4F4B /* LaunchScreen.storyboard in Resources */ = {isa = PBXBuildFile; fileRef = 8A5CA62F263FB66600FC4F4B /* LaunchScreen.storyboard */; };
		8A5CA641263FB77D00FC4F4B /* MainTabController.swift in Sources */ = {isa = PBXBuildFile; fileRef = 8A5CA640263FB77D00FC4F4B /* MainTabController.swift */; };
		8A5CA645263FB94B00FC4F4B /* FeedController.swift in Sources */ = {isa = PBXBuildFile; fileRef = 8A5CA644263FB94B00FC4F4B /* FeedController.swift */; };
		8A5CA648263FB96E00FC4F4B /* SearchController.swift in Sources */ = {isa = PBXBuildFile; fileRef = 8A5CA647263FB96E00FC4F4B /* SearchController.swift */; };
		8A5CA64B263FBA6C00FC4F4B /* NotificationController.swift in Sources */ = {isa = PBXBuildFile; fileRef = 8A5CA64A263FBA6C00FC4F4B /* NotificationController.swift */; };
		8A5CA64E263FBA8D00FC4F4B /* ImageSelectorController.swift in Sources */ = {isa = PBXBuildFile; fileRef = 8A5CA64D263FBA8D00FC4F4B /* ImageSelectorController.swift */; };
		8A5CA651263FBA9D00FC4F4B /* ProfileController.swift in Sources */ = {isa = PBXBuildFile; fileRef = 8A5CA650263FBA9D00FC4F4B /* ProfileController.swift */; };
		8A5CA654263FD75400FC4F4B /* FeedCell.swift in Sources */ = {isa = PBXBuildFile; fileRef = 8A5CA653263FD75400FC4F4B /* FeedCell.swift */; };
		8A5CA657263FD98C00FC4F4B /* Extensions.swift in Sources */ = {isa = PBXBuildFile; fileRef = 8A5CA656263FD98C00FC4F4B /* Extensions.swift */; };
		8A5CA65B263FEA7900FC4F4B /* LoginController.swift in Sources */ = {isa = PBXBuildFile; fileRef = 8A5CA65A263FEA7900FC4F4B /* LoginController.swift */; };
		8A5CA65F263FEB2300FC4F4B /* RegisterController.swift in Sources */ = {isa = PBXBuildFile; fileRef = 8A5CA65E263FEB2300FC4F4B /* RegisterController.swift */; };
		8A796978265753DA002CE8ED /* InputTextView.swift in Sources */ = {isa = PBXBuildFile; fileRef = 8A796977265753DA002CE8ED /* InputTextView.swift */; };
		8A79697B26578525002CE8ED /* PostService.swift in Sources */ = {isa = PBXBuildFile; fileRef = 8A79697A26578525002CE8ED /* PostService.swift */; };
		8A8C54552657B7F50042AF04 /* Posts.swift in Sources */ = {isa = PBXBuildFile; fileRef = 8A8C54542657B7F50042AF04 /* Posts.swift */; };
		8A8C54582657BAF90042AF04 /* PostViewModel.swift in Sources */ = {isa = PBXBuildFile; fileRef = 8A8C54572657BAF90042AF04 /* PostViewModel.swift */; };
		8A8C545B265810DA0042AF04 /* CommentController.swift in Sources */ = {isa = PBXBuildFile; fileRef = 8A8C545A265810DA0042AF04 /* CommentController.swift */; };
		8A8C545E265812120042AF04 /* CommentCell.swift in Sources */ = {isa = PBXBuildFile; fileRef = 8A8C545D265812120042AF04 /* CommentCell.swift */; };
		8A8C5461265826EE0042AF04 /* CommentTextInputView.swift in Sources */ = {isa = PBXBuildFile; fileRef = 8A8C5460265826EE0042AF04 /* CommentTextInputView.swift */; };
		8AA0A394264994C000BDAB17 /* ImageUploader.swift in Sources */ = {isa = PBXBuildFile; fileRef = 8AA0A393264994C000BDAB17 /* ImageUploader.swift */; };
		8AA0A397264994CD00BDAB17 /* AuthService.swift in Sources */ = {isa = PBXBuildFile; fileRef = 8AA0A396264994CD00BDAB17 /* AuthService.swift */; };
		8AD106D62658D0E1004E1A3C /* CommentService.swift in Sources */ = {isa = PBXBuildFile; fileRef = 8AD106D52658D0E1004E1A3C /* CommentService.swift */; };
		8AD106D9265A9344004E1A3C /* Comment.swift in Sources */ = {isa = PBXBuildFile; fileRef = 8AD106D8265A9344004E1A3C /* Comment.swift */; };
		8AD106DC265AA4A0004E1A3C /* CommentViewModel.swift in Sources */ = {isa = PBXBuildFile; fileRef = 8AD106DB265AA4A0004E1A3C /* CommentViewModel.swift */; };
		8AD69A4326410BE700916E12 /* CustomButton.swift in Sources */ = {isa = PBXBuildFile; fileRef = 8AD69A4226410BE700916E12 /* CustomButton.swift */; };
		8AD69A46264122DE00916E12 /* AuthenticationViewModel.swift in Sources */ = {isa = PBXBuildFile; fileRef = 8AD69A45264122DE00916E12 /* AuthenticationViewModel.swift */; };
/* End PBXBuildFile section */

/* Begin PBXFileReference section */
		6B8F879A2C029B02B41B2806 /* Pods-InstagramFirestore.release.xcconfig */ = {isa = PBXFileReference; includeInIndex = 1; lastKnownFileType = text.xcconfig; name = "Pods-InstagramFirestore.release.xcconfig"; path = "Target Support Files/Pods-InstagramFirestore/Pods-InstagramFirestore.release.xcconfig"; sourceTree = "<group>"; };
		8A0371A52656199400F1A873 /* UploadPostController.swift */ = {isa = PBXFileReference; lastKnownFileType = sourcecode.swift; path = UploadPostController.swift; sourceTree = "<group>"; };
		8A065354264FA41E00A13F29 /* ProfileCell.swift */ = {isa = PBXFileReference; lastKnownFileType = sourcecode.swift; path = ProfileCell.swift; sourceTree = "<group>"; };
		8A065358264FA42A00A13F29 /* ProfileHeader.swift */ = {isa = PBXFileReference; lastKnownFileType = sourcecode.swift; path = ProfileHeader.swift; sourceTree = "<group>"; };
		8A11DF7626406E4500F781F0 /* CustomTextField.swift */ = {isa = PBXFileReference; lastKnownFileType = sourcecode.swift; path = CustomTextField.swift; sourceTree = "<group>"; };
		8A1AE2B626502A7C00531552 /* UserService.swift */ = {isa = PBXFileReference; lastKnownFileType = sourcecode.swift; path = UserService.swift; sourceTree = "<group>"; };
		8A1AE2B926502ABE00531552 /* Constants.swift */ = {isa = PBXFileReference; lastKnownFileType = sourcecode.swift; path = Constants.swift; sourceTree = "<group>"; };
		8A1AE2BC26502C8900531552 /* User.swift */ = {isa = PBXFileReference; lastKnownFileType = sourcecode.swift; path = User.swift; sourceTree = "<group>"; };
		8A1AE2BF2650320600531552 /* ProfileViewModel.swift */ = {isa = PBXFileReference; lastKnownFileType = sourcecode.swift; path = ProfileViewModel.swift; sourceTree = "<group>"; };
		8A46A3BB26492B7F00A494E0 /* GoogleService-Info.plist */ = {isa = PBXFileReference; fileEncoding = 4; lastKnownFileType = text.plist.xml; name = "GoogleService-Info.plist"; path = "../../../../../../Downloads/GoogleService-Info.plist"; sourceTree = "<group>"; };
		8A5A57F926515D9D00F1A13B /* UserCell.swift */ = {isa = PBXFileReference; lastKnownFileType = sourcecode.swift; path = UserCell.swift; sourceTree = "<group>"; };
		8A5A57FC2651651000F1A13B /* UserCellViewModel.swift */ = {isa = PBXFileReference; lastKnownFileType = sourcecode.swift; path = UserCellViewModel.swift; sourceTree = "<group>"; };
		8A5CA621263FB66500FC4F4B /* InstagramFirestore.app */ = {isa = PBXFileReference; explicitFileType = wrapper.application; includeInIndex = 0; path = InstagramFirestore.app; sourceTree = BUILT_PRODUCTS_DIR; };
		8A5CA624263FB66500FC4F4B /* AppDelegate.swift */ = {isa = PBXFileReference; lastKnownFileType = sourcecode.swift; path = AppDelegate.swift; sourceTree = "<group>"; };
		8A5CA626263FB66500FC4F4B /* SceneDelegate.swift */ = {isa = PBXFileReference; lastKnownFileType = sourcecode.swift; path = SceneDelegate.swift; sourceTree = "<group>"; };
		8A5CA628263FB66500FC4F4B /* ViewController.swift */ = {isa = PBXFileReference; lastKnownFileType = sourcecode.swift; path = ViewController.swift; sourceTree = "<group>"; };
		8A5CA62B263FB66500FC4F4B /* Base */ = {isa = PBXFileReference; lastKnownFileType = file.storyboard; name = Base; path = Base.lproj/Main.storyboard; sourceTree = "<group>"; };
		8A5CA62D263FB66600FC4F4B /* Assets.xcassets */ = {isa = PBXFileReference; lastKnownFileType = folder.assetcatalog; path = Assets.xcassets; sourceTree = "<group>"; };
		8A5CA630263FB66600FC4F4B /* Base */ = {isa = PBXFileReference; lastKnownFileType = file.storyboard; name = Base; path = Base.lproj/LaunchScreen.storyboard; sourceTree = "<group>"; };
		8A5CA632263FB66600FC4F4B /* Info.plist */ = {isa = PBXFileReference; lastKnownFileType = text.plist.xml; path = Info.plist; sourceTree = "<group>"; };
		8A5CA640263FB77D00FC4F4B /* MainTabController.swift */ = {isa = PBXFileReference; lastKnownFileType = sourcecode.swift; path = MainTabController.swift; sourceTree = "<group>"; };
		8A5CA644263FB94B00FC4F4B /* FeedController.swift */ = {isa = PBXFileReference; lastKnownFileType = sourcecode.swift; path = FeedController.swift; sourceTree = "<group>"; };
		8A5CA647263FB96E00FC4F4B /* SearchController.swift */ = {isa = PBXFileReference; lastKnownFileType = sourcecode.swift; path = SearchController.swift; sourceTree = "<group>"; };
		8A5CA64A263FBA6C00FC4F4B /* NotificationController.swift */ = {isa = PBXFileReference; lastKnownFileType = sourcecode.swift; path = NotificationController.swift; sourceTree = "<group>"; };
		8A5CA64D263FBA8D00FC4F4B /* ImageSelectorController.swift */ = {isa = PBXFileReference; lastKnownFileType = sourcecode.swift; path = ImageSelectorController.swift; sourceTree = "<group>"; };
		8A5CA650263FBA9D00FC4F4B /* ProfileController.swift */ = {isa = PBXFileReference; lastKnownFileType = sourcecode.swift; path = ProfileController.swift; sourceTree = "<group>"; };
		8A5CA653263FD75400FC4F4B /* FeedCell.swift */ = {isa = PBXFileReference; lastKnownFileType = sourcecode.swift; path = FeedCell.swift; sourceTree = "<group>"; };
		8A5CA656263FD98C00FC4F4B /* Extensions.swift */ = {isa = PBXFileReference; lastKnownFileType = sourcecode.swift; path = Extensions.swift; sourceTree = "<group>"; };
		8A5CA65A263FEA7900FC4F4B /* LoginController.swift */ = {isa = PBXFileReference; lastKnownFileType = sourcecode.swift; path = LoginController.swift; sourceTree = "<group>"; };
		8A5CA65E263FEB2300FC4F4B /* RegisterController.swift */ = {isa = PBXFileReference; lastKnownFileType = sourcecode.swift; path = RegisterController.swift; sourceTree = "<group>"; };
		8A796977265753DA002CE8ED /* InputTextView.swift */ = {isa = PBXFileReference; lastKnownFileType = sourcecode.swift; path = InputTextView.swift; sourceTree = "<group>"; };
		8A79697A26578525002CE8ED /* PostService.swift */ = {isa = PBXFileReference; lastKnownFileType = sourcecode.swift; path = PostService.swift; sourceTree = "<group>"; };
		8A8C54542657B7F50042AF04 /* Posts.swift */ = {isa = PBXFileReference; lastKnownFileType = sourcecode.swift; path = Posts.swift; sourceTree = "<group>"; };
		8A8C54572657BAF90042AF04 /* PostViewModel.swift */ = {isa = PBXFileReference; lastKnownFileType = sourcecode.swift; path = PostViewModel.swift; sourceTree = "<group>"; };
		8A8C545A265810DA0042AF04 /* CommentController.swift */ = {isa = PBXFileReference; lastKnownFileType = sourcecode.swift; name = CommentController.swift; path = ../../../../../../../Downloads/CommentController.swift; sourceTree = "<group>"; };
		8A8C545D265812120042AF04 /* CommentCell.swift */ = {isa = PBXFileReference; lastKnownFileType = sourcecode.swift; path = CommentCell.swift; sourceTree = "<group>"; };
		8A8C5460265826EE0042AF04 /* CommentTextInputView.swift */ = {isa = PBXFileReference; lastKnownFileType = sourcecode.swift; path = CommentTextInputView.swift; sourceTree = "<group>"; };
		8AA0A393264994C000BDAB17 /* ImageUploader.swift */ = {isa = PBXFileReference; lastKnownFileType = sourcecode.swift; path = ImageUploader.swift; sourceTree = "<group>"; };
		8AA0A396264994CD00BDAB17 /* AuthService.swift */ = {isa = PBXFileReference; lastKnownFileType = sourcecode.swift; path = AuthService.swift; sourceTree = "<group>"; };
		8AD106D52658D0E1004E1A3C /* CommentService.swift */ = {isa = PBXFileReference; lastKnownFileType = sourcecode.swift; path = CommentService.swift; sourceTree = "<group>"; };
		8AD106D8265A9344004E1A3C /* Comment.swift */ = {isa = PBXFileReference; lastKnownFileType = sourcecode.swift; path = Comment.swift; sourceTree = "<group>"; };
		8AD106DB265AA4A0004E1A3C /* CommentViewModel.swift */ = {isa = PBXFileReference; lastKnownFileType = sourcecode.swift; path = CommentViewModel.swift; sourceTree = "<group>"; };
		8AD69A4226410BE700916E12 /* CustomButton.swift */ = {isa = PBXFileReference; lastKnownFileType = sourcecode.swift; path = CustomButton.swift; sourceTree = "<group>"; };
		8AD69A45264122DE00916E12 /* AuthenticationViewModel.swift */ = {isa = PBXFileReference; lastKnownFileType = sourcecode.swift; path = AuthenticationViewModel.swift; sourceTree = "<group>"; };
		AD70B6E506FB1F3405196428 /* Pods-InstagramFirestore.debug.xcconfig */ = {isa = PBXFileReference; includeInIndex = 1; lastKnownFileType = text.xcconfig; name = "Pods-InstagramFirestore.debug.xcconfig"; path = "Target Support Files/Pods-InstagramFirestore/Pods-InstagramFirestore.debug.xcconfig"; sourceTree = "<group>"; };
		BC6D2DB629061679061D8173 /* Pods_InstagramFirestore.framework */ = {isa = PBXFileReference; explicitFileType = wrapper.framework; includeInIndex = 0; path = Pods_InstagramFirestore.framework; sourceTree = BUILT_PRODUCTS_DIR; };
/* End PBXFileReference section */

/* Begin PBXFrameworksBuildPhase section */
		8A5CA61E263FB66500FC4F4B /* Frameworks */ = {
			isa = PBXFrameworksBuildPhase;
			buildActionMask = 2147483647;
			files = (
				61A895351406C165DD8E25CB /* Pods_InstagramFirestore.framework in Frameworks */,
			);
			runOnlyForDeploymentPostprocessing = 0;
		};
/* End PBXFrameworksBuildPhase section */

/* Begin PBXGroup section */
		4F53EA7C4E9E50C48728BA21 /* Frameworks */ = {
			isa = PBXGroup;
			children = (
				BC6D2DB629061679061D8173 /* Pods_InstagramFirestore.framework */,
			);
			name = Frameworks;
			sourceTree = "<group>";
		};
		8A065353264FA40E00A13F29 /* Profile */ = {
			isa = PBXGroup;
			children = (
				8A065354264FA41E00A13F29 /* ProfileCell.swift */,
				8A065358264FA42A00A13F29 /* ProfileHeader.swift */,
			);
			path = Profile;
			sourceTree = "<group>";
		};
		8A5CA618263FB66500FC4F4B = {
			isa = PBXGroup;
			children = (
				8A5CA623263FB66500FC4F4B /* InstagramFirestore */,
				8A5CA622263FB66500FC4F4B /* Products */,
				D8F402FDE20C2332D81D1BAD /* Pods */,
				4F53EA7C4E9E50C48728BA21 /* Frameworks */,
			);
			sourceTree = "<group>";
		};
		8A5CA622263FB66500FC4F4B /* Products */ = {
			isa = PBXGroup;
			children = (
				8A5CA621263FB66500FC4F4B /* InstagramFirestore.app */,
			);
			name = Products;
			sourceTree = "<group>";
		};
		8A5CA623263FB66500FC4F4B /* InstagramFirestore */ = {
			isa = PBXGroup;
			children = (
				8A5CA63F263FB73A00FC4F4B /* View */,
				8A5CA63E263FB6CA00FC4F4B /* Model */,
				8A5CA63D263FB6C300FC4F4B /* ViewModel */,
				8A5CA63C263FB6BE00FC4F4B /* Controller */,
				8A5CA63B263FB6BC00FC4F4B /* API */,
				8A5CA63A263FB6B900FC4F4B /* Utils */,
				8A5CA624263FB66500FC4F4B /* AppDelegate.swift */,
				8A5CA626263FB66500FC4F4B /* SceneDelegate.swift */,
				8A5CA628263FB66500FC4F4B /* ViewController.swift */,
				8A5CA62A263FB66500FC4F4B /* Main.storyboard */,
				8A5CA62D263FB66600FC4F4B /* Assets.xcassets */,
				8A5CA62F263FB66600FC4F4B /* LaunchScreen.storyboard */,
				8A5CA632263FB66600FC4F4B /* Info.plist */,
				8A46A3BB26492B7F00A494E0 /* GoogleService-Info.plist */,
			);
			path = InstagramFirestore;
			sourceTree = "<group>";
		};
		8A5CA63A263FB6B900FC4F4B /* Utils */ = {
			isa = PBXGroup;
			children = (
				8A5CA656263FD98C00FC4F4B /* Extensions.swift */,
				8A1AE2B926502ABE00531552 /* Constants.swift */,
			);
			path = Utils;
			sourceTree = "<group>";
		};
		8A5CA63B263FB6BC00FC4F4B /* API */ = {
			isa = PBXGroup;
			children = (
				8AA0A393264994C000BDAB17 /* ImageUploader.swift */,
				8AA0A396264994CD00BDAB17 /* AuthService.swift */,
				8A1AE2B626502A7C00531552 /* UserService.swift */,
				8A79697A26578525002CE8ED /* PostService.swift */,
				8AD106D52658D0E1004E1A3C /* CommentService.swift */,
			);
			path = API;
			sourceTree = "<group>";
		};
		8A5CA63C263FB6BE00FC4F4B /* Controller */ = {
			isa = PBXGroup;
			children = (
				8A5CA659263FEA6600FC4F4B /* Authentication */,
				8A5CA640263FB77D00FC4F4B /* MainTabController.swift */,
				8A5CA644263FB94B00FC4F4B /* FeedController.swift */,
				8A5CA647263FB96E00FC4F4B /* SearchController.swift */,
				8A5CA64A263FBA6C00FC4F4B /* NotificationController.swift */,
				8A5CA64D263FBA8D00FC4F4B /* ImageSelectorController.swift */,
				8A5CA650263FBA9D00FC4F4B /* ProfileController.swift */,
				8A0371A52656199400F1A873 /* UploadPostController.swift */,
				8A8C545A265810DA0042AF04 /* CommentController.swift */,
			);
			path = Controller;
			sourceTree = "<group>";
		};
		8A5CA63D263FB6C300FC4F4B /* ViewModel */ = {
			isa = PBXGroup;
			children = (
				8AD69A45264122DE00916E12 /* AuthenticationViewModel.swift */,
				8A1AE2BF2650320600531552 /* ProfileViewModel.swift */,
				8A5A57FC2651651000F1A13B /* UserCellViewModel.swift */,
				8A8C54572657BAF90042AF04 /* PostViewModel.swift */,
				8AD106DB265AA4A0004E1A3C /* CommentViewModel.swift */,
			);
			path = ViewModel;
			sourceTree = "<group>";
		};
		8A5CA63E263FB6CA00FC4F4B /* Model */ = {
			isa = PBXGroup;
			children = (
				8A1AE2BC26502C8900531552 /* User.swift */,
				8A8C54542657B7F50042AF04 /* Posts.swift */,
				8AD106D8265A9344004E1A3C /* Comment.swift */,
			);
			path = Model;
			sourceTree = "<group>";
		};
		8A5CA63F263FB73A00FC4F4B /* View */ = {
			isa = PBXGroup;
			children = (
				8A065353264FA40E00A13F29 /* Profile */,
				8A5CA653263FD75400FC4F4B /* FeedCell.swift */,
				8A11DF7626406E4500F781F0 /* CustomTextField.swift */,
				8AD69A4226410BE700916E12 /* CustomButton.swift */,
				8A5A57F926515D9D00F1A13B /* UserCell.swift */,
				8A796977265753DA002CE8ED /* InputTextView.swift */,
				8A8C545D265812120042AF04 /* CommentCell.swift */,
				8A8C5460265826EE0042AF04 /* CommentTextInputView.swift */,
			);
			path = View;
			sourceTree = "<group>";
		};
		8A5CA659263FEA6600FC4F4B /* Authentication */ = {
			isa = PBXGroup;
			children = (
				8A5CA65A263FEA7900FC4F4B /* LoginController.swift */,
				8A5CA65E263FEB2300FC4F4B /* RegisterController.swift */,
			);
			path = Authentication;
			sourceTree = "<group>";
		};
		D8F402FDE20C2332D81D1BAD /* Pods */ = {
			isa = PBXGroup;
			children = (
				AD70B6E506FB1F3405196428 /* Pods-InstagramFirestore.debug.xcconfig */,
				6B8F879A2C029B02B41B2806 /* Pods-InstagramFirestore.release.xcconfig */,
			);
			path = Pods;
			sourceTree = "<group>";
		};
/* End PBXGroup section */

/* Begin PBXNativeTarget section */
		8A5CA620263FB66500FC4F4B /* InstagramFirestore */ = {
			isa = PBXNativeTarget;
			buildConfigurationList = 8A5CA635263FB66600FC4F4B /* Build configuration list for PBXNativeTarget "InstagramFirestore" */;
			buildPhases = (
				C30DBB4A72B43FD72095125A /* [CP] Check Pods Manifest.lock */,
				8A5CA61D263FB66500FC4F4B /* Sources */,
				8A5CA61E263FB66500FC4F4B /* Frameworks */,
				8A5CA61F263FB66500FC4F4B /* Resources */,
				7578C7BDF21B30807D66310A /* [CP] Embed Pods Frameworks */,
			);
			buildRules = (
			);
			dependencies = (
			);
			name = InstagramFirestore;
			productName = InstagramFirestore;
			productReference = 8A5CA621263FB66500FC4F4B /* InstagramFirestore.app */;
			productType = "com.apple.product-type.application";
		};
/* End PBXNativeTarget section */

/* Begin PBXProject section */
		8A5CA619263FB66500FC4F4B /* Project object */ = {
			isa = PBXProject;
			attributes = {
				LastSwiftUpdateCheck = 1240;
				LastUpgradeCheck = 1240;
				TargetAttributes = {
					8A5CA620263FB66500FC4F4B = {
						CreatedOnToolsVersion = 12.4;
					};
				};
			};
			buildConfigurationList = 8A5CA61C263FB66500FC4F4B /* Build configuration list for PBXProject "InstagramFirestore" */;
			compatibilityVersion = "Xcode 9.3";
			developmentRegion = en;
			hasScannedForEncodings = 0;
			knownRegions = (
				en,
				Base,
			);
			mainGroup = 8A5CA618263FB66500FC4F4B;
			productRefGroup = 8A5CA622263FB66500FC4F4B /* Products */;
			projectDirPath = "";
			projectRoot = "";
			targets = (
				8A5CA620263FB66500FC4F4B /* InstagramFirestore */,
			);
		};
/* End PBXProject section */

/* Begin PBXResourcesBuildPhase section */
		8A5CA61F263FB66500FC4F4B /* Resources */ = {
			isa = PBXResourcesBuildPhase;
			buildActionMask = 2147483647;
			files = (
				8A5CA631263FB66600FC4F4B /* LaunchScreen.storyboard in Resources */,
				8A46A3BC26492B7F00A494E0 /* GoogleService-Info.plist in Resources */,
				8A5CA62E263FB66600FC4F4B /* Assets.xcassets in Resources */,
				8A5CA62C263FB66500FC4F4B /* Main.storyboard in Resources */,
			);
			runOnlyForDeploymentPostprocessing = 0;
		};
/* End PBXResourcesBuildPhase section */

/* Begin PBXShellScriptBuildPhase section */
		7578C7BDF21B30807D66310A /* [CP] Embed Pods Frameworks */ = {
			isa = PBXShellScriptBuildPhase;
			buildActionMask = 2147483647;
			files = (
			);
			inputFileListPaths = (
				"${PODS_ROOT}/Target Support Files/Pods-InstagramFirestore/Pods-InstagramFirestore-frameworks-${CONFIGURATION}-input-files.xcfilelist",
			);
			name = "[CP] Embed Pods Frameworks";
			outputFileListPaths = (
				"${PODS_ROOT}/Target Support Files/Pods-InstagramFirestore/Pods-InstagramFirestore-frameworks-${CONFIGURATION}-output-files.xcfilelist",
			);
			runOnlyForDeploymentPostprocessing = 0;
			shellPath = /bin/sh;
			shellScript = "\"${PODS_ROOT}/Target Support Files/Pods-InstagramFirestore/Pods-InstagramFirestore-frameworks.sh\"\n";
			showEnvVarsInLog = 0;
		};
		C30DBB4A72B43FD72095125A /* [CP] Check Pods Manifest.lock */ = {
			isa = PBXShellScriptBuildPhase;
			buildActionMask = 2147483647;
			files = (
			);
			inputFileListPaths = (
			);
			inputPaths = (
				"${PODS_PODFILE_DIR_PATH}/Podfile.lock",
				"${PODS_ROOT}/Manifest.lock",
			);
			name = "[CP] Check Pods Manifest.lock";
			outputFileListPaths = (
			);
			outputPaths = (
				"$(DERIVED_FILE_DIR)/Pods-InstagramFirestore-checkManifestLockResult.txt",
			);
			runOnlyForDeploymentPostprocessing = 0;
			shellPath = /bin/sh;
			shellScript = "diff \"${PODS_PODFILE_DIR_PATH}/Podfile.lock\" \"${PODS_ROOT}/Manifest.lock\" > /dev/null\nif [ $? != 0 ] ; then\n    # print error to STDERR\n    echo \"error: The sandbox is not in sync with the Podfile.lock. Run 'pod install' or update your CocoaPods installation.\" >&2\n    exit 1\nfi\n# This output is used by Xcode 'outputs' to avoid re-running this script phase.\necho \"SUCCESS\" > \"${SCRIPT_OUTPUT_FILE_0}\"\n";
			showEnvVarsInLog = 0;
		};
/* End PBXShellScriptBuildPhase section */

/* Begin PBXSourcesBuildPhase section */
		8A5CA61D263FB66500FC4F4B /* Sources */ = {
			isa = PBXSourcesBuildPhase;
			buildActionMask = 2147483647;
			files = (
				8A8C54582657BAF90042AF04 /* PostViewModel.swift in Sources */,
				8A11DF7726406E4500F781F0 /* CustomTextField.swift in Sources */,
				8A1AE2BA26502ABE00531552 /* Constants.swift in Sources */,
				8A5CA64E263FBA8D00FC4F4B /* ImageSelectorController.swift in Sources */,
				8AA0A394264994C000BDAB17 /* ImageUploader.swift in Sources */,
				8AA0A397264994CD00BDAB17 /* AuthService.swift in Sources */,
				8A5CA65F263FEB2300FC4F4B /* RegisterController.swift in Sources */,
				8AD106D9265A9344004E1A3C /* Comment.swift in Sources */,
				8A1AE2C02650320600531552 /* ProfileViewModel.swift in Sources */,
				8A8C54552657B7F50042AF04 /* Posts.swift in Sources */,
				8A8C545B265810DA0042AF04 /* CommentController.swift in Sources */,
				8A0371A62656199400F1A873 /* UploadPostController.swift in Sources */,
				8A5CA65B263FEA7900FC4F4B /* LoginController.swift in Sources */,
				8AD69A46264122DE00916E12 /* AuthenticationViewModel.swift in Sources */,
				8AD106D62658D0E1004E1A3C /* CommentService.swift in Sources */,
				8A5CA654263FD75400FC4F4B /* FeedCell.swift in Sources */,
				8A8C545E265812120042AF04 /* CommentCell.swift in Sources */,
				8A065359264FA42A00A13F29 /* ProfileHeader.swift in Sources */,
				8A5CA629263FB66500FC4F4B /* ViewController.swift in Sources */,
				8A5CA648263FB96E00FC4F4B /* SearchController.swift in Sources */,
				8A796978265753DA002CE8ED /* InputTextView.swift in Sources */,
				8A5A57FA26515D9D00F1A13B /* UserCell.swift in Sources */,
				8A5CA625263FB66500FC4F4B /* AppDelegate.swift in Sources */,
				8A5A57FD2651651000F1A13B /* UserCellViewModel.swift in Sources */,
				8AD106DC265AA4A0004E1A3C /* CommentViewModel.swift in Sources */,
				8A5CA64B263FBA6C00FC4F4B /* NotificationController.swift in Sources */,
				8A5CA651263FBA9D00FC4F4B /* ProfileController.swift in Sources */,
				8A79697B26578525002CE8ED /* PostService.swift in Sources */,
				8A1AE2B726502A7C00531552 /* UserService.swift in Sources */,
				8A5CA645263FB94B00FC4F4B /* FeedController.swift in Sources */,
				8A5CA641263FB77D00FC4F4B /* MainTabController.swift in Sources */,
				8A065355264FA41E00A13F29 /* ProfileCell.swift in Sources */,
				8A5CA657263FD98C00FC4F4B /* Extensions.swift in Sources */,
				8A8C5461265826EE0042AF04 /* CommentTextInputView.swift in Sources */,
				8A5CA627263FB66500FC4F4B /* SceneDelegate.swift in Sources */,
				8AD69A4326410BE700916E12 /* CustomButton.swift in Sources */,
				8A1AE2BD26502C8900531552 /* User.swift in Sources */,
			);
			runOnlyForDeploymentPostprocessing = 0;
		};
/* End PBXSourcesBuildPhase section */

/* Begin PBXVariantGroup section */
		8A5CA62A263FB66500FC4F4B /* Main.storyboard */ = {
			isa = PBXVariantGroup;
			children = (
				8A5CA62B263FB66500FC4F4B /* Base */,
			);
			name = Main.storyboard;
			sourceTree = "<group>";
		};
		8A5CA62F263FB66600FC4F4B /* LaunchScreen.storyboard */ = {
			isa = PBXVariantGroup;
			children = (
				8A5CA630263FB66600FC4F4B /* Base */,
			);
			name = LaunchScreen.storyboard;
			sourceTree = "<group>";
		};
/* End PBXVariantGroup section */

/* Begin XCBuildConfiguration section */
		8A5CA633263FB66600FC4F4B /* Debug */ = {
			isa = XCBuildConfiguration;
			buildSettings = {
				ALWAYS_SEARCH_USER_PATHS = NO;
				CLANG_ANALYZER_NONNULL = YES;
				CLANG_ANALYZER_NUMBER_OBJECT_CONVERSION = YES_AGGRESSIVE;
				CLANG_CXX_LANGUAGE_STANDARD = "gnu++14";
				CLANG_CXX_LIBRARY = "libc++";
				CLANG_ENABLE_MODULES = YES;
				CLANG_ENABLE_OBJC_ARC = YES;
				CLANG_ENABLE_OBJC_WEAK = YES;
				CLANG_WARN_BLOCK_CAPTURE_AUTORELEASING = YES;
				CLANG_WARN_BOOL_CONVERSION = YES;
				CLANG_WARN_COMMA = YES;
				CLANG_WARN_CONSTANT_CONVERSION = YES;
				CLANG_WARN_DEPRECATED_OBJC_IMPLEMENTATIONS = YES;
				CLANG_WARN_DIRECT_OBJC_ISA_USAGE = YES_ERROR;
				CLANG_WARN_DOCUMENTATION_COMMENTS = YES;
				CLANG_WARN_EMPTY_BODY = YES;
				CLANG_WARN_ENUM_CONVERSION = YES;
				CLANG_WARN_INFINITE_RECURSION = YES;
				CLANG_WARN_INT_CONVERSION = YES;
				CLANG_WARN_NON_LITERAL_NULL_CONVERSION = YES;
				CLANG_WARN_OBJC_IMPLICIT_RETAIN_SELF = YES;
				CLANG_WARN_OBJC_LITERAL_CONVERSION = YES;
				CLANG_WARN_OBJC_ROOT_CLASS = YES_ERROR;
				CLANG_WARN_QUOTED_INCLUDE_IN_FRAMEWORK_HEADER = YES;
				CLANG_WARN_RANGE_LOOP_ANALYSIS = YES;
				CLANG_WARN_STRICT_PROTOTYPES = YES;
				CLANG_WARN_SUSPICIOUS_MOVE = YES;
				CLANG_WARN_UNGUARDED_AVAILABILITY = YES_AGGRESSIVE;
				CLANG_WARN_UNREACHABLE_CODE = YES;
				CLANG_WARN__DUPLICATE_METHOD_MATCH = YES;
				COPY_PHASE_STRIP = NO;
				DEBUG_INFORMATION_FORMAT = dwarf;
				ENABLE_STRICT_OBJC_MSGSEND = YES;
				ENABLE_TESTABILITY = YES;
				GCC_C_LANGUAGE_STANDARD = gnu11;
				GCC_DYNAMIC_NO_PIC = NO;
				GCC_NO_COMMON_BLOCKS = YES;
				GCC_OPTIMIZATION_LEVEL = 0;
				GCC_PREPROCESSOR_DEFINITIONS = (
					"DEBUG=1",
					"$(inherited)",
				);
				GCC_WARN_64_TO_32_BIT_CONVERSION = YES;
				GCC_WARN_ABOUT_RETURN_TYPE = YES_ERROR;
				GCC_WARN_UNDECLARED_SELECTOR = YES;
				GCC_WARN_UNINITIALIZED_AUTOS = YES_AGGRESSIVE;
				GCC_WARN_UNUSED_FUNCTION = YES;
				GCC_WARN_UNUSED_VARIABLE = YES;
				IPHONEOS_DEPLOYMENT_TARGET = 14.4;
				MTL_ENABLE_DEBUG_INFO = INCLUDE_SOURCE;
				MTL_FAST_MATH = YES;
				ONLY_ACTIVE_ARCH = YES;
				SDKROOT = iphoneos;
				SWIFT_ACTIVE_COMPILATION_CONDITIONS = DEBUG;
				SWIFT_OPTIMIZATION_LEVEL = "-Onone";
			};
			name = Debug;
		};
		8A5CA634263FB66600FC4F4B /* Release */ = {
			isa = XCBuildConfiguration;
			buildSettings = {
				ALWAYS_SEARCH_USER_PATHS = NO;
				CLANG_ANALYZER_NONNULL = YES;
				CLANG_ANALYZER_NUMBER_OBJECT_CONVERSION = YES_AGGRESSIVE;
				CLANG_CXX_LANGUAGE_STANDARD = "gnu++14";
				CLANG_CXX_LIBRARY = "libc++";
				CLANG_ENABLE_MODULES = YES;
				CLANG_ENABLE_OBJC_ARC = YES;
				CLANG_ENABLE_OBJC_WEAK = YES;
				CLANG_WARN_BLOCK_CAPTURE_AUTORELEASING = YES;
				CLANG_WARN_BOOL_CONVERSION = YES;
				CLANG_WARN_COMMA = YES;
				CLANG_WARN_CONSTANT_CONVERSION = YES;
				CLANG_WARN_DEPRECATED_OBJC_IMPLEMENTATIONS = YES;
				CLANG_WARN_DIRECT_OBJC_ISA_USAGE = YES_ERROR;
				CLANG_WARN_DOCUMENTATION_COMMENTS = YES;
				CLANG_WARN_EMPTY_BODY = YES;
				CLANG_WARN_ENUM_CONVERSION = YES;
				CLANG_WARN_INFINITE_RECURSION = YES;
				CLANG_WARN_INT_CONVERSION = YES;
				CLANG_WARN_NON_LITERAL_NULL_CONVERSION = YES;
				CLANG_WARN_OBJC_IMPLICIT_RETAIN_SELF = YES;
				CLANG_WARN_OBJC_LITERAL_CONVERSION = YES;
				CLANG_WARN_OBJC_ROOT_CLASS = YES_ERROR;
				CLANG_WARN_QUOTED_INCLUDE_IN_FRAMEWORK_HEADER = YES;
				CLANG_WARN_RANGE_LOOP_ANALYSIS = YES;
				CLANG_WARN_STRICT_PROTOTYPES = YES;
				CLANG_WARN_SUSPICIOUS_MOVE = YES;
				CLANG_WARN_UNGUARDED_AVAILABILITY = YES_AGGRESSIVE;
				CLANG_WARN_UNREACHABLE_CODE = YES;
				CLANG_WARN__DUPLICATE_METHOD_MATCH = YES;
				COPY_PHASE_STRIP = NO;
				DEBUG_INFORMATION_FORMAT = "dwarf-with-dsym";
				ENABLE_NS_ASSERTIONS = NO;
				ENABLE_STRICT_OBJC_MSGSEND = YES;
				GCC_C_LANGUAGE_STANDARD = gnu11;
				GCC_NO_COMMON_BLOCKS = YES;
				GCC_WARN_64_TO_32_BIT_CONVERSION = YES;
				GCC_WARN_ABOUT_RETURN_TYPE = YES_ERROR;
				GCC_WARN_UNDECLARED_SELECTOR = YES;
				GCC_WARN_UNINITIALIZED_AUTOS = YES_AGGRESSIVE;
				GCC_WARN_UNUSED_FUNCTION = YES;
				GCC_WARN_UNUSED_VARIABLE = YES;
				IPHONEOS_DEPLOYMENT_TARGET = 14.4;
				MTL_ENABLE_DEBUG_INFO = NO;
				MTL_FAST_MATH = YES;
				SDKROOT = iphoneos;
				SWIFT_COMPILATION_MODE = wholemodule;
				SWIFT_OPTIMIZATION_LEVEL = "-O";
				VALIDATE_PRODUCT = YES;
			};
			name = Release;
		};
		8A5CA636263FB66600FC4F4B /* Debug */ = {
			isa = XCBuildConfiguration;
			baseConfigurationReference = AD70B6E506FB1F3405196428 /* Pods-InstagramFirestore.debug.xcconfig */;
			buildSettings = {
				ASSETCATALOG_COMPILER_APPICON_NAME = AppIcon;
				ASSETCATALOG_COMPILER_GLOBAL_ACCENT_COLOR_NAME = AccentColor;
				CODE_SIGN_STYLE = Automatic;
				DEVELOPMENT_TEAM = W3UM55KY7Y;
				INFOPLIST_FILE = InstagramFirestore/Info.plist;
				LD_RUNPATH_SEARCH_PATHS = (
					"$(inherited)",
					"@executable_path/Frameworks",
				);
				PRODUCT_BUNDLE_IDENTIFIER = com.esek13ls.InstagramFirestore;
				PRODUCT_NAME = "$(TARGET_NAME)";
				SWIFT_VERSION = 5.0;
				TARGETED_DEVICE_FAMILY = 1;
			};
			name = Debug;
		};
		8A5CA637263FB66600FC4F4B /* Release */ = {
			isa = XCBuildConfiguration;
			baseConfigurationReference = 6B8F879A2C029B02B41B2806 /* Pods-InstagramFirestore.release.xcconfig */;
			buildSettings = {
				ASSETCATALOG_COMPILER_APPICON_NAME = AppIcon;
				ASSETCATALOG_COMPILER_GLOBAL_ACCENT_COLOR_NAME = AccentColor;
				CODE_SIGN_STYLE = Automatic;
				DEVELOPMENT_TEAM = W3UM55KY7Y;
				INFOPLIST_FILE = InstagramFirestore/Info.plist;
				LD_RUNPATH_SEARCH_PATHS = (
					"$(inherited)",
					"@executable_path/Frameworks",
				);
				PRODUCT_BUNDLE_IDENTIFIER = com.esek13ls.InstagramFirestore;
				PRODUCT_NAME = "$(TARGET_NAME)";
				SWIFT_VERSION = 5.0;
				TARGETED_DEVICE_FAMILY = 1;
			};
			name = Release;
		};
/* End XCBuildConfiguration section */

/* Begin XCConfigurationList section */
		8A5CA61C263FB66500FC4F4B /* Build configuration list for PBXProject "InstagramFirestore" */ = {
			isa = XCConfigurationList;
			buildConfigurations = (
				8A5CA633263FB66600FC4F4B /* Debug */,
				8A5CA634263FB66600FC4F4B /* Release */,
			);
			defaultConfigurationIsVisible = 0;
			defaultConfigurationName = Release;
		};
		8A5CA635263FB66600FC4F4B /* Build configuration list for PBXNativeTarget "InstagramFirestore" */ = {
			isa = XCConfigurationList;
			buildConfigurations = (
				8A5CA636263FB66600FC4F4B /* Debug */,
				8A5CA637263FB66600FC4F4B /* Release */,
			);
			defaultConfigurationIsVisible = 0;
			defaultConfigurationName = Release;
		};
/* End XCConfigurationList section */
	};
	rootObject = 8A5CA619263FB66500FC4F4B /* Project object */;
}
