// !$*UTF8*$!
{
	archiveVersion = 1;
	classes = {
	};
	objectVersion = 51;
	objects = {

/* Begin PBXBuildFile section */
		175DC6FA9B35C8F54466A516 /* Pods_calculator_calculatorTests.framework in Frameworks */ = {isa = PBXBuildFile; fileRef = B3D8262CA75DA9EDBFBB6A22 /* Pods_calculator_calculatorTests.framework */; };
		6879A2A695867DD20C1A7241 /* Pods_calculator.framework in Frameworks */ = {isa = PBXBuildFile; fileRef = 242DA622518D83C169C3DF11 /* Pods_calculator.framework */; };
		8A2285A0267B3E0B00A5E0BC /* DateSelectionController.swift in Sources */ = {isa = PBXBuildFile; fileRef = 8A22859E267B3E0B00A5E0BC /* DateSelectionController.swift */; };
		8A2285A1267B3E0B00A5E0BC /* DateSelectionController.xib in Resources */ = {isa = PBXBuildFile; fileRef = 8A22859F267B3E0B00A5E0BC /* DateSelectionController.xib */; };
		8A2285A4267B3E6800A5E0BC /* DateSelectionCell.swift in Sources */ = {isa = PBXBuildFile; fileRef = 8A2285A2267B3E6800A5E0BC /* DateSelectionCell.swift */; };
		8A2285A5267B3E6800A5E0BC /* DateSelectionCell.xib in Resources */ = {isa = PBXBuildFile; fileRef = 8A2285A3267B3E6800A5E0BC /* DateSelectionCell.xib */; };
		8A31D5F1269D6E9A0073230C /* DCAResult.swift in Sources */ = {isa = PBXBuildFile; fileRef = 8A31D5F0269D6E9A0073230C /* DCAResult.swift */; };
		8A31D5F9269D788B0073230C /* CalculatorPresentation.swift in Sources */ = {isa = PBXBuildFile; fileRef = 8A31D5F8269D788B0073230C /* CalculatorPresentation.swift */; };
		8A31D606269DD4190073230C /* CalculatorViewModelTest.swift in Sources */ = {isa = PBXBuildFile; fileRef = 8A31D605269DD4190073230C /* CalculatorViewModelTest.swift */; };
		8A469C66266D060E0058AB26 /* SearchPlaceHolderView.swift in Sources */ = {isa = PBXBuildFile; fileRef = 8A469C65266D060E0058AB26 /* SearchPlaceHolderView.swift */; };
		8A67F4C32678F7B5001F41C8 /* calculatorTests.swift in Sources */ = {isa = PBXBuildFile; fileRef = 8A67F4C22678F7B5001F41C8 /* calculatorTests.swift */; };
		8A67F4C52678F7B5001F41C8 /* calculator.framework in Frameworks */ = {isa = PBXBuildFile; fileRef = 8A7B58FC266B3725006DB76F /* calculator.framework */; };
		8A67F4CF2678F8A4001F41C8 /* SearchViewModelTest.swift in Sources */ = {isa = PBXBuildFile; fileRef = 8A67F4CE2678F8A4001F41C8 /* SearchViewModelTest.swift */; };
		8A67F4D12678F96E001F41C8 /* SearchServiceMock.swift in Sources */ = {isa = PBXBuildFile; fileRef = 8A67F4D02678F96E001F41C8 /* SearchServiceMock.swift */; };
		8A7843D7268223B000D7D133 /* DateSelectionViewModel.swift in Sources */ = {isa = PBXBuildFile; fileRef = 8A7843D6268223B000D7D133 /* DateSelectionViewModel.swift */; };
		8A7B5959266B3C02006DB76F /* Calculator.swift in Sources */ = {isa = PBXBuildFile; fileRef = 8A7B5958266B3C02006DB76F /* Calculator.swift */; };
		8A7B595D266B3C2D006DB76F /* SearchController.swift in Sources */ = {isa = PBXBuildFile; fileRef = 8A7B595B266B3C2D006DB76F /* SearchController.swift */; };
		8A7B595E266B3C2D006DB76F /* SearchController.xib in Resources */ = {isa = PBXBuildFile; fileRef = 8A7B595C266B3C2D006DB76F /* SearchController.xib */; };
		8A7B5979266B405D006DB76F /* SearchCell.swift in Sources */ = {isa = PBXBuildFile; fileRef = 8A7B5977266B405D006DB76F /* SearchCell.swift */; };
		8A7B597A266B405D006DB76F /* SearchCell.xib in Resources */ = {isa = PBXBuildFile; fileRef = 8A7B5978266B405D006DB76F /* SearchCell.xib */; };
		8A892039267253D200304410 /* SearchViewModel.swift in Sources */ = {isa = PBXBuildFile; fileRef = 8A892038267253D200304410 /* SearchViewModel.swift */; };
		8AA01791266B555B0047C4F8 /* SearchResults.swift in Sources */ = {isa = PBXBuildFile; fileRef = 8AA01790266B555B0047C4F8 /* SearchResults.swift */; };
		8AA017AF266B77400047C4F8 /* SearchService.swift in Sources */ = {isa = PBXBuildFile; fileRef = 8AA017AE266B77400047C4F8 /* SearchService.swift */; };
		8AEABA782679CFD700F14A3B /* CalculatorController.swift in Sources */ = {isa = PBXBuildFile; fileRef = 8AEABA762679CFD700F14A3B /* CalculatorController.swift */; };
		8AEABA792679CFD700F14A3B /* CalculatorController.xib in Resources */ = {isa = PBXBuildFile; fileRef = 8AEABA772679CFD700F14A3B /* CalculatorController.xib */; };
		8AEABA7D2679D0AC00F14A3B /* InvestmentView.swift in Sources */ = {isa = PBXBuildFile; fileRef = 8AEABA7C2679D0AC00F14A3B /* InvestmentView.swift */; };
		8AEABA7F2679D1C600F14A3B /* InvestmentView.xib in Resources */ = {isa = PBXBuildFile; fileRef = 8AEABA7E2679D1C600F14A3B /* InvestmentView.xib */; };
		8AEABA842679E51900F14A3B /* MonthlyAdjusted.swift in Sources */ = {isa = PBXBuildFile; fileRef = 8AEABA832679E51900F14A3B /* MonthlyAdjusted.swift */; };
		8AEABA8D267A4D2300F14A3B /* CalculatorViewModel.swift in Sources */ = {isa = PBXBuildFile; fileRef = 8AEABA8C267A4D2300F14A3B /* CalculatorViewModel.swift */; };
		8AEABA8F267A4DAE00F14A3B /* Asset.swift in Sources */ = {isa = PBXBuildFile; fileRef = 8AEABA8E267A4DAE00F14A3B /* Asset.swift */; };
/* End PBXBuildFile section */

/* Begin PBXContainerItemProxy section */
		8A67F4C62678F7B5001F41C8 /* PBXContainerItemProxy */ = {
			isa = PBXContainerItemProxy;
			containerPortal = 8A7B58F3266B3725006DB76F /* Project object */;
			proxyType = 1;
			remoteGlobalIDString = 8A7B58FB266B3725006DB76F;
			remoteInfo = calculator;
		};
/* End PBXContainerItemProxy section */

/* Begin PBXFileReference section */
		24093327082980E3EDC93414 /* Pods-calculator.debug.xcconfig */ = {isa = PBXFileReference; includeInIndex = 1; lastKnownFileType = text.xcconfig; name = "Pods-calculator.debug.xcconfig"; path = "Target Support Files/Pods-calculator/Pods-calculator.debug.xcconfig"; sourceTree = "<group>"; };
		242DA622518D83C169C3DF11 /* Pods_calculator.framework */ = {isa = PBXFileReference; explicitFileType = wrapper.framework; includeInIndex = 0; path = Pods_calculator.framework; sourceTree = BUILT_PRODUCTS_DIR; };
		2F9959940D874D5AC70C988C /* Pods-calculator.debug (prod).xcconfig */ = {isa = PBXFileReference; includeInIndex = 1; lastKnownFileType = text.xcconfig; name = "Pods-calculator.debug (prod).xcconfig"; path = "Target Support Files/Pods-calculator/Pods-calculator.debug (prod).xcconfig"; sourceTree = "<group>"; };
		31960ED0DF1572574CFCC3D7 /* Pods-calculatorTests.release (prod).xcconfig */ = {isa = PBXFileReference; includeInIndex = 1; lastKnownFileType = text.xcconfig; name = "Pods-calculatorTests.release (prod).xcconfig"; path = "Target Support Files/Pods-calculatorTests/Pods-calculatorTests.release (prod).xcconfig"; sourceTree = "<group>"; };
		41F4E9CCA957F143E26CC87A /* Pods-calculator.debug (dev).xcconfig */ = {isa = PBXFileReference; includeInIndex = 1; lastKnownFileType = text.xcconfig; name = "Pods-calculator.debug (dev).xcconfig"; path = "Target Support Files/Pods-calculator/Pods-calculator.debug (dev).xcconfig"; sourceTree = "<group>"; };
		484699FA0CC41F788D05284A /* Pods-calculatorTests.debug (dev).xcconfig */ = {isa = PBXFileReference; includeInIndex = 1; lastKnownFileType = text.xcconfig; name = "Pods-calculatorTests.debug (dev).xcconfig"; path = "Target Support Files/Pods-calculatorTests/Pods-calculatorTests.debug (dev).xcconfig"; sourceTree = "<group>"; };
		58B1ECDD1C8A78AE6B75DB93 /* Pods-calculator-calculatorTests.release (prod).xcconfig */ = {isa = PBXFileReference; includeInIndex = 1; lastKnownFileType = text.xcconfig; name = "Pods-calculator-calculatorTests.release (prod).xcconfig"; path = "Target Support Files/Pods-calculator-calculatorTests/Pods-calculator-calculatorTests.release (prod).xcconfig"; sourceTree = "<group>"; };
		72ACDCB4937FA5778A481620 /* Pods-calculatorTests.debug (prod).xcconfig */ = {isa = PBXFileReference; includeInIndex = 1; lastKnownFileType = text.xcconfig; name = "Pods-calculatorTests.debug (prod).xcconfig"; path = "Target Support Files/Pods-calculatorTests/Pods-calculatorTests.debug (prod).xcconfig"; sourceTree = "<group>"; };
		8A22859E267B3E0B00A5E0BC /* DateSelectionController.swift */ = {isa = PBXFileReference; lastKnownFileType = sourcecode.swift; path = DateSelectionController.swift; sourceTree = "<group>"; };
		8A22859F267B3E0B00A5E0BC /* DateSelectionController.xib */ = {isa = PBXFileReference; lastKnownFileType = file.xib; path = DateSelectionController.xib; sourceTree = "<group>"; };
		8A2285A2267B3E6800A5E0BC /* DateSelectionCell.swift */ = {isa = PBXFileReference; lastKnownFileType = sourcecode.swift; path = DateSelectionCell.swift; sourceTree = "<group>"; };
		8A2285A3267B3E6800A5E0BC /* DateSelectionCell.xib */ = {isa = PBXFileReference; lastKnownFileType = file.xib; path = DateSelectionCell.xib; sourceTree = "<group>"; };
		8A31D5F0269D6E9A0073230C /* DCAResult.swift */ = {isa = PBXFileReference; lastKnownFileType = sourcecode.swift; path = DCAResult.swift; sourceTree = "<group>"; };
		8A31D5F8269D788B0073230C /* CalculatorPresentation.swift */ = {isa = PBXFileReference; lastKnownFileType = sourcecode.swift; path = CalculatorPresentation.swift; sourceTree = "<group>"; };
		8A31D605269DD4190073230C /* CalculatorViewModelTest.swift */ = {isa = PBXFileReference; lastKnownFileType = sourcecode.swift; path = CalculatorViewModelTest.swift; sourceTree = "<group>"; };
		8A469C65266D060E0058AB26 /* SearchPlaceHolderView.swift */ = {isa = PBXFileReference; lastKnownFileType = sourcecode.swift; path = SearchPlaceHolderView.swift; sourceTree = "<group>"; };
		8A67F4C02678F7B5001F41C8 /* calculatorTests.xctest */ = {isa = PBXFileReference; explicitFileType = wrapper.cfbundle; includeInIndex = 0; path = calculatorTests.xctest; sourceTree = BUILT_PRODUCTS_DIR; };
		8A67F4C22678F7B5001F41C8 /* calculatorTests.swift */ = {isa = PBXFileReference; lastKnownFileType = sourcecode.swift; path = calculatorTests.swift; sourceTree = "<group>"; };
		8A67F4C42678F7B5001F41C8 /* Info.plist */ = {isa = PBXFileReference; lastKnownFileType = text.plist.xml; path = Info.plist; sourceTree = "<group>"; };
		8A67F4CE2678F8A4001F41C8 /* SearchViewModelTest.swift */ = {isa = PBXFileReference; lastKnownFileType = sourcecode.swift; path = SearchViewModelTest.swift; sourceTree = "<group>"; };
		8A67F4D02678F96E001F41C8 /* SearchServiceMock.swift */ = {isa = PBXFileReference; lastKnownFileType = sourcecode.swift; path = SearchServiceMock.swift; sourceTree = "<group>"; };
		8A7843D6268223B000D7D133 /* DateSelectionViewModel.swift */ = {isa = PBXFileReference; lastKnownFileType = sourcecode.swift; path = DateSelectionViewModel.swift; sourceTree = "<group>"; };
		8A7B58FC266B3725006DB76F /* calculator.framework */ = {isa = PBXFileReference; explicitFileType = wrapper.framework; includeInIndex = 0; path = calculator.framework; sourceTree = BUILT_PRODUCTS_DIR; };
		8A7B5900266B3725006DB76F /* Info.plist */ = {isa = PBXFileReference; lastKnownFileType = text.plist.xml; path = Info.plist; sourceTree = "<group>"; };
		8A7B5958266B3C02006DB76F /* Calculator.swift */ = {isa = PBXFileReference; lastKnownFileType = sourcecode.swift; path = Calculator.swift; sourceTree = "<group>"; };
		8A7B595B266B3C2D006DB76F /* SearchController.swift */ = {isa = PBXFileReference; lastKnownFileType = sourcecode.swift; path = SearchController.swift; sourceTree = "<group>"; };
		8A7B595C266B3C2D006DB76F /* SearchController.xib */ = {isa = PBXFileReference; lastKnownFileType = file.xib; path = SearchController.xib; sourceTree = "<group>"; };
		8A7B5977266B405D006DB76F /* SearchCell.swift */ = {isa = PBXFileReference; lastKnownFileType = sourcecode.swift; path = SearchCell.swift; sourceTree = "<group>"; };
		8A7B5978266B405D006DB76F /* SearchCell.xib */ = {isa = PBXFileReference; lastKnownFileType = file.xib; path = SearchCell.xib; sourceTree = "<group>"; };
		8A892038267253D200304410 /* SearchViewModel.swift */ = {isa = PBXFileReference; lastKnownFileType = sourcecode.swift; path = SearchViewModel.swift; sourceTree = "<group>"; };
		8AA01790266B555B0047C4F8 /* SearchResults.swift */ = {isa = PBXFileReference; lastKnownFileType = sourcecode.swift; path = SearchResults.swift; sourceTree = "<group>"; };
		8AA017AE266B77400047C4F8 /* SearchService.swift */ = {isa = PBXFileReference; lastKnownFileType = sourcecode.swift; path = SearchService.swift; sourceTree = "<group>"; };
		8AEABA762679CFD700F14A3B /* CalculatorController.swift */ = {isa = PBXFileReference; lastKnownFileType = sourcecode.swift; path = CalculatorController.swift; sourceTree = "<group>"; };
		8AEABA772679CFD700F14A3B /* CalculatorController.xib */ = {isa = PBXFileReference; lastKnownFileType = file.xib; path = CalculatorController.xib; sourceTree = "<group>"; };
		8AEABA7C2679D0AC00F14A3B /* InvestmentView.swift */ = {isa = PBXFileReference; lastKnownFileType = sourcecode.swift; path = InvestmentView.swift; sourceTree = "<group>"; };
		8AEABA7E2679D1C600F14A3B /* InvestmentView.xib */ = {isa = PBXFileReference; lastKnownFileType = file.xib; path = InvestmentView.xib; sourceTree = "<group>"; };
		8AEABA832679E51900F14A3B /* MonthlyAdjusted.swift */ = {isa = PBXFileReference; lastKnownFileType = sourcecode.swift; path = MonthlyAdjusted.swift; sourceTree = "<group>"; };
		8AEABA8C267A4D2300F14A3B /* CalculatorViewModel.swift */ = {isa = PBXFileReference; lastKnownFileType = sourcecode.swift; path = CalculatorViewModel.swift; sourceTree = "<group>"; };
		8AEABA8E267A4DAE00F14A3B /* Asset.swift */ = {isa = PBXFileReference; lastKnownFileType = sourcecode.swift; path = Asset.swift; sourceTree = "<group>"; };
		91B9A19168996CF5AEDBFD3A /* Pods-calculator-calculatorTests.release (dev).xcconfig */ = {isa = PBXFileReference; includeInIndex = 1; lastKnownFileType = text.xcconfig; name = "Pods-calculator-calculatorTests.release (dev).xcconfig"; path = "Target Support Files/Pods-calculator-calculatorTests/Pods-calculator-calculatorTests.release (dev).xcconfig"; sourceTree = "<group>"; };
		9A227F42C91B1ED3217B13E6 /* Pods-calculator.release (dev).xcconfig */ = {isa = PBXFileReference; includeInIndex = 1; lastKnownFileType = text.xcconfig; name = "Pods-calculator.release (dev).xcconfig"; path = "Target Support Files/Pods-calculator/Pods-calculator.release (dev).xcconfig"; sourceTree = "<group>"; };
		9B45810210688C6DE0BB4D7C /* Pods-calculator-calculatorTests.debug (prod).xcconfig */ = {isa = PBXFileReference; includeInIndex = 1; lastKnownFileType = text.xcconfig; name = "Pods-calculator-calculatorTests.debug (prod).xcconfig"; path = "Target Support Files/Pods-calculator-calculatorTests/Pods-calculator-calculatorTests.debug (prod).xcconfig"; sourceTree = "<group>"; };
		9F1022A2D37FA355967C3E4E /* Pods-calculator.release (prod).xcconfig */ = {isa = PBXFileReference; includeInIndex = 1; lastKnownFileType = text.xcconfig; name = "Pods-calculator.release (prod).xcconfig"; path = "Target Support Files/Pods-calculator/Pods-calculator.release (prod).xcconfig"; sourceTree = "<group>"; };
		B3D8262CA75DA9EDBFBB6A22 /* Pods_calculator_calculatorTests.framework */ = {isa = PBXFileReference; explicitFileType = wrapper.framework; includeInIndex = 0; path = Pods_calculator_calculatorTests.framework; sourceTree = BUILT_PRODUCTS_DIR; };
		BB2B6C0FB5B52C2B037DD4D4 /* Pods-calculator.release.xcconfig */ = {isa = PBXFileReference; includeInIndex = 1; lastKnownFileType = text.xcconfig; name = "Pods-calculator.release.xcconfig"; path = "Target Support Files/Pods-calculator/Pods-calculator.release.xcconfig"; sourceTree = "<group>"; };
		EB01731C6CFD921B3AC083FE /* Pods-calculatorTests.release (dev).xcconfig */ = {isa = PBXFileReference; includeInIndex = 1; lastKnownFileType = text.xcconfig; name = "Pods-calculatorTests.release (dev).xcconfig"; path = "Target Support Files/Pods-calculatorTests/Pods-calculatorTests.release (dev).xcconfig"; sourceTree = "<group>"; };
		F82D4455F085A02FB3089D12 /* Pods-calculator-calculatorTests.debug (dev).xcconfig */ = {isa = PBXFileReference; includeInIndex = 1; lastKnownFileType = text.xcconfig; name = "Pods-calculator-calculatorTests.debug (dev).xcconfig"; path = "Target Support Files/Pods-calculator-calculatorTests/Pods-calculator-calculatorTests.debug (dev).xcconfig"; sourceTree = "<group>"; };
/* End PBXFileReference section */

/* Begin PBXFrameworksBuildPhase section */
		8A67F4BD2678F7B5001F41C8 /* Frameworks */ = {
			isa = PBXFrameworksBuildPhase;
			buildActionMask = 2147483647;
			files = (
				8A67F4C52678F7B5001F41C8 /* calculator.framework in Frameworks */,
				175DC6FA9B35C8F54466A516 /* Pods_calculator_calculatorTests.framework in Frameworks */,
			);
			runOnlyForDeploymentPostprocessing = 0;
		};
		8A7B58F9266B3725006DB76F /* Frameworks */ = {
			isa = PBXFrameworksBuildPhase;
			buildActionMask = 2147483647;
			files = (
				6879A2A695867DD20C1A7241 /* Pods_calculator.framework in Frameworks */,
			);
			runOnlyForDeploymentPostprocessing = 0;
		};
/* End PBXFrameworksBuildPhase section */

/* Begin PBXGroup section */
		6F0F933F8C7534B00BAC1AC3 /* Pods */ = {
			isa = PBXGroup;
			children = (
				24093327082980E3EDC93414 /* Pods-calculator.debug.xcconfig */,
				BB2B6C0FB5B52C2B037DD4D4 /* Pods-calculator.release.xcconfig */,
				41F4E9CCA957F143E26CC87A /* Pods-calculator.debug (dev).xcconfig */,
				2F9959940D874D5AC70C988C /* Pods-calculator.debug (prod).xcconfig */,
				9A227F42C91B1ED3217B13E6 /* Pods-calculator.release (dev).xcconfig */,
				9F1022A2D37FA355967C3E4E /* Pods-calculator.release (prod).xcconfig */,
				484699FA0CC41F788D05284A /* Pods-calculatorTests.debug (dev).xcconfig */,
				72ACDCB4937FA5778A481620 /* Pods-calculatorTests.debug (prod).xcconfig */,
				EB01731C6CFD921B3AC083FE /* Pods-calculatorTests.release (dev).xcconfig */,
				31960ED0DF1572574CFCC3D7 /* Pods-calculatorTests.release (prod).xcconfig */,
				F82D4455F085A02FB3089D12 /* Pods-calculator-calculatorTests.debug (dev).xcconfig */,
				9B45810210688C6DE0BB4D7C /* Pods-calculator-calculatorTests.debug (prod).xcconfig */,
				91B9A19168996CF5AEDBFD3A /* Pods-calculator-calculatorTests.release (dev).xcconfig */,
				58B1ECDD1C8A78AE6B75DB93 /* Pods-calculator-calculatorTests.release (prod).xcconfig */,
			);
			name = Pods;
			path = ../Pods;
			sourceTree = "<group>";
		};
		8A31D604269DD2AF0073230C /* dca */ = {
			isa = PBXGroup;
			children = (
				8A31D605269DD4190073230C /* CalculatorViewModelTest.swift */,
			);
			path = dca;
			sourceTree = "<group>";
		};
		8A67F4C12678F7B5001F41C8 /* calculatorTests */ = {
			isa = PBXGroup;
			children = (
				8A31D604269DD2AF0073230C /* dca */,
				8A67F4CD2678F88E001F41C8 /* search */,
				8A67F4C22678F7B5001F41C8 /* calculatorTests.swift */,
				8A67F4C42678F7B5001F41C8 /* Info.plist */,
			);
			path = calculatorTests;
			sourceTree = "<group>";
		};
		8A67F4CD2678F88E001F41C8 /* search */ = {
			isa = PBXGroup;
			children = (
				8A67F4CE2678F8A4001F41C8 /* SearchViewModelTest.swift */,
				8A67F4D02678F96E001F41C8 /* SearchServiceMock.swift */,
			);
			path = search;
			sourceTree = "<group>";
		};
		8A7B58F2266B3725006DB76F = {
			isa = PBXGroup;
			children = (
				8A7B58FE266B3725006DB76F /* calculator */,
				8A67F4C12678F7B5001F41C8 /* calculatorTests */,
				8A7B58FD266B3725006DB76F /* Products */,
				6F0F933F8C7534B00BAC1AC3 /* Pods */,
				AC56B6CCC2AC37D6FC7ED025 /* Frameworks */,
			);
			sourceTree = "<group>";
		};
		8A7B58FD266B3725006DB76F /* Products */ = {
			isa = PBXGroup;
			children = (
				8A7B58FC266B3725006DB76F /* calculator.framework */,
				8A67F4C02678F7B5001F41C8 /* calculatorTests.xctest */,
			);
			name = Products;
			sourceTree = "<group>";
		};
		8A7B58FE266B3725006DB76F /* calculator */ = {
			isa = PBXGroup;
			children = (
				8AEABA802679E4F300F14A3B /* calculator */,
				8A8920332672525A00304410 /* search */,
				8A7B5900266B3725006DB76F /* Info.plist */,
				8A7B5958266B3C02006DB76F /* Calculator.swift */,
			);
			path = calculator;
			sourceTree = "<group>";
		};
		8A8920332672525A00304410 /* search */ = {
			isa = PBXGroup;
			children = (
				8AA017AD266B77270047C4F8 /* service */,
				8A8920372672527D00304410 /* viewmodel */,
				8A8920362672527800304410 /* model */,
				8A8920352672527200304410 /* controller */,
				8A8920342672526A00304410 /* view */,
			);
			path = search;
			sourceTree = "<group>";
		};
		8A8920342672526A00304410 /* view */ = {
			isa = PBXGroup;
			children = (
				8A7B5977266B405D006DB76F /* SearchCell.swift */,
				8A7B5978266B405D006DB76F /* SearchCell.xib */,
				8A469C65266D060E0058AB26 /* SearchPlaceHolderView.swift */,
			);
			path = view;
			sourceTree = "<group>";
		};
		8A8920352672527200304410 /* controller */ = {
			isa = PBXGroup;
			children = (
				8A7B595B266B3C2D006DB76F /* SearchController.swift */,
				8A7B595C266B3C2D006DB76F /* SearchController.xib */,
			);
			path = controller;
			sourceTree = "<group>";
		};
		8A8920362672527800304410 /* model */ = {
			isa = PBXGroup;
			children = (
				8AEABA832679E51900F14A3B /* MonthlyAdjusted.swift */,
				8AA01790266B555B0047C4F8 /* SearchResults.swift */,
			);
			path = model;
			sourceTree = "<group>";
		};
		8A8920372672527D00304410 /* viewmodel */ = {
			isa = PBXGroup;
			children = (
				8A892038267253D200304410 /* SearchViewModel.swift */,
			);
			path = viewmodel;
			sourceTree = "<group>";
		};
		8AA017AD266B77270047C4F8 /* service */ = {
			isa = PBXGroup;
			children = (
				8AA017AE266B77400047C4F8 /* SearchService.swift */,
			);
			path = service;
			sourceTree = "<group>";
		};
		8AEABA802679E4F300F14A3B /* calculator */ = {
			isa = PBXGroup;
			children = (
				8AEABA88267A4CF800F14A3B /* viewmodel */,
				8AEABA852679E58900F14A3B /* view */,
				8AEABA822679E50800F14A3B /* model */,
				8AEABA812679E4FA00F14A3B /* controller */,
			);
			path = calculator;
			sourceTree = "<group>";
		};
		8AEABA812679E4FA00F14A3B /* controller */ = {
			isa = PBXGroup;
			children = (
				8AEABA762679CFD700F14A3B /* CalculatorController.swift */,
				8AEABA772679CFD700F14A3B /* CalculatorController.xib */,
				8A22859E267B3E0B00A5E0BC /* DateSelectionController.swift */,
				8A22859F267B3E0B00A5E0BC /* DateSelectionController.xib */,
			);
			path = controller;
			sourceTree = "<group>";
		};
		8AEABA822679E50800F14A3B /* model */ = {
			isa = PBXGroup;
			children = (
				8AEABA8E267A4DAE00F14A3B /* Asset.swift */,
				8A31D5F0269D6E9A0073230C /* DCAResult.swift */,
				8A31D5F8269D788B0073230C /* CalculatorPresentation.swift */,
			);
			path = model;
			sourceTree = "<group>";
		};
		8AEABA852679E58900F14A3B /* view */ = {
			isa = PBXGroup;
			children = (
				8AEABA7C2679D0AC00F14A3B /* InvestmentView.swift */,
				8AEABA7E2679D1C600F14A3B /* InvestmentView.xib */,
				8A2285A2267B3E6800A5E0BC /* DateSelectionCell.swift */,
				8A2285A3267B3E6800A5E0BC /* DateSelectionCell.xib */,
			);
			path = view;
			sourceTree = "<group>";
		};
		8AEABA88267A4CF800F14A3B /* viewmodel */ = {
			isa = PBXGroup;
			children = (
				8AEABA8C267A4D2300F14A3B /* CalculatorViewModel.swift */,
				8A7843D6268223B000D7D133 /* DateSelectionViewModel.swift */,
			);
			path = viewmodel;
			sourceTree = "<group>";
		};
		AC56B6CCC2AC37D6FC7ED025 /* Frameworks */ = {
			isa = PBXGroup;
			children = (
				242DA622518D83C169C3DF11 /* Pods_calculator.framework */,
				B3D8262CA75DA9EDBFBB6A22 /* Pods_calculator_calculatorTests.framework */,
			);
			name = Frameworks;
			sourceTree = "<group>";
		};
/* End PBXGroup section */

/* Begin PBXHeadersBuildPhase section */
		8A7B58F7266B3725006DB76F /* Headers */ = {
			isa = PBXHeadersBuildPhase;
			buildActionMask = 2147483647;
			files = (
			);
			runOnlyForDeploymentPostprocessing = 0;
		};
/* End PBXHeadersBuildPhase section */

/* Begin PBXNativeTarget section */
		8A67F4BF2678F7B5001F41C8 /* calculatorTests */ = {
			isa = PBXNativeTarget;
			buildConfigurationList = 8A67F4CC2678F7B5001F41C8 /* Build configuration list for PBXNativeTarget "calculatorTests" */;
			buildPhases = (
				4C6BA43F1CD820F3F7B89CFC /* [CP] Check Pods Manifest.lock */,
				8A67F4BC2678F7B5001F41C8 /* Sources */,
				8A67F4BD2678F7B5001F41C8 /* Frameworks */,
				8A67F4BE2678F7B5001F41C8 /* Resources */,
				CB9F7103FCCE94125F5AAA65 /* [CP] Embed Pods Frameworks */,
			);
			buildRules = (
			);
			dependencies = (
				8A67F4C72678F7B5001F41C8 /* PBXTargetDependency */,
			);
			name = calculatorTests;
			productName = calculatorTests;
			productReference = 8A67F4C02678F7B5001F41C8 /* calculatorTests.xctest */;
			productType = "com.apple.product-type.bundle.unit-test";
		};
		8A7B58FB266B3725006DB76F /* calculator */ = {
			isa = PBXNativeTarget;
			buildConfigurationList = 8A7B5904266B3725006DB76F /* Build configuration list for PBXNativeTarget "calculator" */;
			buildPhases = (
				4387FFB8A8912C49BFB9B10E /* [CP] Check Pods Manifest.lock */,
				8A7B58F7266B3725006DB76F /* Headers */,
				8A7B58F8266B3725006DB76F /* Sources */,
				8A7B58F9266B3725006DB76F /* Frameworks */,
				8A7B58FA266B3725006DB76F /* Resources */,
			);
			buildRules = (
			);
			dependencies = (
			);
			name = calculator;
			productName = calculator;
			productReference = 8A7B58FC266B3725006DB76F /* calculator.framework */;
			productType = "com.apple.product-type.framework";
		};
/* End PBXNativeTarget section */

/* Begin PBXProject section */
		8A7B58F3266B3725006DB76F /* Project object */ = {
			isa = PBXProject;
			attributes = {
				LastSwiftUpdateCheck = 1250;
				LastUpgradeCheck = 1240;
				TargetAttributes = {
					8A67F4BF2678F7B5001F41C8 = {
						CreatedOnToolsVersion = 12.5;
					};
					8A7B58FB266B3725006DB76F = {
						CreatedOnToolsVersion = 12.4;
						LastSwiftMigration = 1240;
					};
				};
			};
			buildConfigurationList = 8A7B58F6266B3725006DB76F /* Build configuration list for PBXProject "calculator" */;
			compatibilityVersion = "Xcode 9.3";
			developmentRegion = en;
			hasScannedForEncodings = 0;
			knownRegions = (
				en,
				Base,
			);
			mainGroup = 8A7B58F2266B3725006DB76F;
			productRefGroup = 8A7B58FD266B3725006DB76F /* Products */;
			projectDirPath = "";
			projectRoot = "";
			targets = (
				8A7B58FB266B3725006DB76F /* calculator */,
				8A67F4BF2678F7B5001F41C8 /* calculatorTests */,
			);
		};
/* End PBXProject section */

/* Begin PBXResourcesBuildPhase section */
		8A67F4BE2678F7B5001F41C8 /* Resources */ = {
			isa = PBXResourcesBuildPhase;
			buildActionMask = 2147483647;
			files = (
			);
			runOnlyForDeploymentPostprocessing = 0;
		};
		8A7B58FA266B3725006DB76F /* Resources */ = {
			isa = PBXResourcesBuildPhase;
			buildActionMask = 2147483647;
			files = (
				8A2285A1267B3E0B00A5E0BC /* DateSelectionController.xib in Resources */,
				8AEABA792679CFD700F14A3B /* CalculatorController.xib in Resources */,
				8A2285A5267B3E6800A5E0BC /* DateSelectionCell.xib in Resources */,
				8A7B595E266B3C2D006DB76F /* SearchController.xib in Resources */,
				8A7B597A266B405D006DB76F /* SearchCell.xib in Resources */,
				8AEABA7F2679D1C600F14A3B /* InvestmentView.xib in Resources */,
			);
			runOnlyForDeploymentPostprocessing = 0;
		};
/* End PBXResourcesBuildPhase section */

/* Begin PBXShellScriptBuildPhase section */
		4387FFB8A8912C49BFB9B10E /* [CP] Check Pods Manifest.lock */ = {
			isa = PBXShellScriptBuildPhase;
			buildActionMask = 2147483647;
			files = (
			);
			inputFileListPaths = (
			);
			inputPaths = (
				"${PODS_PODFILE_DIR_PATH}/Podfile.lock",
				"${PODS_ROOT}/Manifest.lock",
			);
			name = "[CP] Check Pods Manifest.lock";
			outputFileListPaths = (
			);
			outputPaths = (
				"$(DERIVED_FILE_DIR)/Pods-calculator-checkManifestLockResult.txt",
			);
			runOnlyForDeploymentPostprocessing = 0;
			shellPath = /bin/sh;
			shellScript = "diff \"${PODS_PODFILE_DIR_PATH}/Podfile.lock\" \"${PODS_ROOT}/Manifest.lock\" > /dev/null\nif [ $? != 0 ] ; then\n    # print error to STDERR\n    echo \"error: The sandbox is not in sync with the Podfile.lock. Run 'pod install' or update your CocoaPods installation.\" >&2\n    exit 1\nfi\n# This output is used by Xcode 'outputs' to avoid re-running this script phase.\necho \"SUCCESS\" > \"${SCRIPT_OUTPUT_FILE_0}\"\n";
			showEnvVarsInLog = 0;
		};
		4C6BA43F1CD820F3F7B89CFC /* [CP] Check Pods Manifest.lock */ = {
			isa = PBXShellScriptBuildPhase;
			buildActionMask = 2147483647;
			files = (
			);
			inputFileListPaths = (
			);
			inputPaths = (
				"${PODS_PODFILE_DIR_PATH}/Podfile.lock",
				"${PODS_ROOT}/Manifest.lock",
			);
			name = "[CP] Check Pods Manifest.lock";
			outputFileListPaths = (
			);
			outputPaths = (
				"$(DERIVED_FILE_DIR)/Pods-calculator-calculatorTests-checkManifestLockResult.txt",
			);
			runOnlyForDeploymentPostprocessing = 0;
			shellPath = /bin/sh;
			shellScript = "diff \"${PODS_PODFILE_DIR_PATH}/Podfile.lock\" \"${PODS_ROOT}/Manifest.lock\" > /dev/null\nif [ $? != 0 ] ; then\n    # print error to STDERR\n    echo \"error: The sandbox is not in sync with the Podfile.lock. Run 'pod install' or update your CocoaPods installation.\" >&2\n    exit 1\nfi\n# This output is used by Xcode 'outputs' to avoid re-running this script phase.\necho \"SUCCESS\" > \"${SCRIPT_OUTPUT_FILE_0}\"\n";
			showEnvVarsInLog = 0;
		};
		CB9F7103FCCE94125F5AAA65 /* [CP] Embed Pods Frameworks */ = {
			isa = PBXShellScriptBuildPhase;
			buildActionMask = 2147483647;
			files = (
			);
			inputFileListPaths = (
				"${PODS_ROOT}/Target Support Files/Pods-calculator-calculatorTests/Pods-calculator-calculatorTests-frameworks-${CONFIGURATION}-input-files.xcfilelist",
			);
			name = "[CP] Embed Pods Frameworks";
			outputFileListPaths = (
				"${PODS_ROOT}/Target Support Files/Pods-calculator-calculatorTests/Pods-calculator-calculatorTests-frameworks-${CONFIGURATION}-output-files.xcfilelist",
			);
			runOnlyForDeploymentPostprocessing = 0;
			shellPath = /bin/sh;
			shellScript = "\"${PODS_ROOT}/Target Support Files/Pods-calculator-calculatorTests/Pods-calculator-calculatorTests-frameworks.sh\"\n";
			showEnvVarsInLog = 0;
		};
/* End PBXShellScriptBuildPhase section */

/* Begin PBXSourcesBuildPhase section */
		8A67F4BC2678F7B5001F41C8 /* Sources */ = {
			isa = PBXSourcesBuildPhase;
			buildActionMask = 2147483647;
			files = (
				8A67F4CF2678F8A4001F41C8 /* SearchViewModelTest.swift in Sources */,
				8A67F4C32678F7B5001F41C8 /* calculatorTests.swift in Sources */,
				8A31D606269DD4190073230C /* CalculatorViewModelTest.swift in Sources */,
				8A67F4D12678F96E001F41C8 /* SearchServiceMock.swift in Sources */,
			);
			runOnlyForDeploymentPostprocessing = 0;
		};
		8A7B58F8266B3725006DB76F /* Sources */ = {
			isa = PBXSourcesBuildPhase;
			buildActionMask = 2147483647;
			files = (
				8A7B5959266B3C02006DB76F /* Calculator.swift in Sources */,
				8AEABA8F267A4DAE00F14A3B /* Asset.swift in Sources */,
				8AEABA842679E51900F14A3B /* MonthlyAdjusted.swift in Sources */,
				8A892039267253D200304410 /* SearchViewModel.swift in Sources */,
				8A7B5979266B405D006DB76F /* SearchCell.swift in Sources */,
				8AEABA782679CFD700F14A3B /* CalculatorController.swift in Sources */,
				8AEABA7D2679D0AC00F14A3B /* InvestmentView.swift in Sources */,
				8A31D5F9269D788B0073230C /* CalculatorPresentation.swift in Sources */,
				8A7843D7268223B000D7D133 /* DateSelectionViewModel.swift in Sources */,
				8AA017AF266B77400047C4F8 /* SearchService.swift in Sources */,
				8A2285A0267B3E0B00A5E0BC /* DateSelectionController.swift in Sources */,
				8AA01791266B555B0047C4F8 /* SearchResults.swift in Sources */,
				8A469C66266D060E0058AB26 /* SearchPlaceHolderView.swift in Sources */,
				8AEABA8D267A4D2300F14A3B /* CalculatorViewModel.swift in Sources */,
				8A31D5F1269D6E9A0073230C /* DCAResult.swift in Sources */,
				8A2285A4267B3E6800A5E0BC /* DateSelectionCell.swift in Sources */,
				8A7B595D266B3C2D006DB76F /* SearchController.swift in Sources */,
			);
			runOnlyForDeploymentPostprocessing = 0;
		};
/* End PBXSourcesBuildPhase section */

/* Begin PBXTargetDependency section */
		8A67F4C72678F7B5001F41C8 /* PBXTargetDependency */ = {
			isa = PBXTargetDependency;
			target = 8A7B58FB266B3725006DB76F /* calculator */;
			targetProxy = 8A67F4C62678F7B5001F41C8 /* PBXContainerItemProxy */;
		};
/* End PBXTargetDependency section */

/* Begin XCBuildConfiguration section */
		8A67F4C82678F7B5001F41C8 /* Debug (dev) */ = {
			isa = XCBuildConfiguration;
			baseConfigurationReference = F82D4455F085A02FB3089D12 /* Pods-calculator-calculatorTests.debug (dev).xcconfig */;
			buildSettings = {
				ALWAYS_SEARCH_USER_PATHS = NO;
				CLANG_ANALYZER_NONNULL = YES;
				CLANG_ANALYZER_NUMBER_OBJECT_CONVERSION = YES_AGGRESSIVE;
				CLANG_CXX_LANGUAGE_STANDARD = "gnu++14";
				CLANG_CXX_LIBRARY = "libc++";
				CLANG_ENABLE_MODULES = YES;
				CLANG_ENABLE_OBJC_ARC = YES;
				CLANG_ENABLE_OBJC_WEAK = YES;
				CLANG_WARN_BLOCK_CAPTURE_AUTORELEASING = YES;
				CLANG_WARN_BOOL_CONVERSION = YES;
				CLANG_WARN_COMMA = YES;
				CLANG_WARN_CONSTANT_CONVERSION = YES;
				CLANG_WARN_DEPRECATED_OBJC_IMPLEMENTATIONS = YES;
				CLANG_WARN_DIRECT_OBJC_ISA_USAGE = YES_ERROR;
				CLANG_WARN_DOCUMENTATION_COMMENTS = YES;
				CLANG_WARN_EMPTY_BODY = YES;
				CLANG_WARN_ENUM_CONVERSION = YES;
				CLANG_WARN_INFINITE_RECURSION = YES;
				CLANG_WARN_INT_CONVERSION = YES;
				CLANG_WARN_NON_LITERAL_NULL_CONVERSION = YES;
				CLANG_WARN_OBJC_IMPLICIT_RETAIN_SELF = YES;
				CLANG_WARN_OBJC_LITERAL_CONVERSION = YES;
				CLANG_WARN_OBJC_ROOT_CLASS = YES_ERROR;
				CLANG_WARN_QUOTED_INCLUDE_IN_FRAMEWORK_HEADER = YES;
				CLANG_WARN_RANGE_LOOP_ANALYSIS = YES;
				CLANG_WARN_STRICT_PROTOTYPES = YES;
				CLANG_WARN_SUSPICIOUS_MOVE = YES;
				CLANG_WARN_UNGUARDED_AVAILABILITY = YES_AGGRESSIVE;
				CLANG_WARN_UNREACHABLE_CODE = YES;
				CLANG_WARN__DUPLICATE_METHOD_MATCH = YES;
				CODE_SIGN_STYLE = Automatic;
				COPY_PHASE_STRIP = NO;
				DEBUG_INFORMATION_FORMAT = dwarf;
				DEVELOPMENT_TEAM = W3UM55KY7Y;
				ENABLE_STRICT_OBJC_MSGSEND = YES;
				ENABLE_TESTABILITY = YES;
				GCC_C_LANGUAGE_STANDARD = gnu11;
				GCC_DYNAMIC_NO_PIC = NO;
				GCC_NO_COMMON_BLOCKS = YES;
				GCC_OPTIMIZATION_LEVEL = 0;
				GCC_PREPROCESSOR_DEFINITIONS = (
					"DEBUG=1",
					"$(inherited)",
				);
				GCC_WARN_64_TO_32_BIT_CONVERSION = YES;
				GCC_WARN_ABOUT_RETURN_TYPE = YES_ERROR;
				GCC_WARN_UNDECLARED_SELECTOR = YES;
				GCC_WARN_UNINITIALIZED_AUTOS = YES_AGGRESSIVE;
				GCC_WARN_UNUSED_FUNCTION = YES;
				GCC_WARN_UNUSED_VARIABLE = YES;
				INFOPLIST_FILE = calculatorTests/Info.plist;
				IPHONEOS_DEPLOYMENT_TARGET = 14.5;
				LD_RUNPATH_SEARCH_PATHS = (
					"$(inherited)",
					"@executable_path/Frameworks",
					"@loader_path/Frameworks",
				);
				MTL_ENABLE_DEBUG_INFO = INCLUDE_SOURCE;
				MTL_FAST_MATH = YES;
				ONLY_ACTIVE_ARCH = YES;
				PRODUCT_BUNDLE_IDENTIFIER = com.esek13ls.calculatorTests;
				PRODUCT_NAME = "$(TARGET_NAME)";
				SDKROOT = iphoneos;
				SWIFT_ACTIVE_COMPILATION_CONDITIONS = DEBUG;
				SWIFT_OPTIMIZATION_LEVEL = "-Onone";
				SWIFT_VERSION = 5.0;
				TARGETED_DEVICE_FAMILY = "1,2";
			};
			name = "Debug (dev)";
		};
		8A67F4C92678F7B5001F41C8 /* Debug (prod) */ = {
			isa = XCBuildConfiguration;
			baseConfigurationReference = 9B45810210688C6DE0BB4D7C /* Pods-calculator-calculatorTests.debug (prod).xcconfig */;
			buildSettings = {
				ALWAYS_SEARCH_USER_PATHS = NO;
				CLANG_ANALYZER_NONNULL = YES;
				CLANG_ANALYZER_NUMBER_OBJECT_CONVERSION = YES_AGGRESSIVE;
				CLANG_CXX_LANGUAGE_STANDARD = "gnu++14";
				CLANG_CXX_LIBRARY = "libc++";
				CLANG_ENABLE_MODULES = YES;
				CLANG_ENABLE_OBJC_ARC = YES;
				CLANG_ENABLE_OBJC_WEAK = YES;
				CLANG_WARN_BLOCK_CAPTURE_AUTORELEASING = YES;
				CLANG_WARN_BOOL_CONVERSION = YES;
				CLANG_WARN_COMMA = YES;
				CLANG_WARN_CONSTANT_CONVERSION = YES;
				CLANG_WARN_DEPRECATED_OBJC_IMPLEMENTATIONS = YES;
				CLANG_WARN_DIRECT_OBJC_ISA_USAGE = YES_ERROR;
				CLANG_WARN_DOCUMENTATION_COMMENTS = YES;
				CLANG_WARN_EMPTY_BODY = YES;
				CLANG_WARN_ENUM_CONVERSION = YES;
				CLANG_WARN_INFINITE_RECURSION = YES;
				CLANG_WARN_INT_CONVERSION = YES;
				CLANG_WARN_NON_LITERAL_NULL_CONVERSION = YES;
				CLANG_WARN_OBJC_IMPLICIT_RETAIN_SELF = YES;
				CLANG_WARN_OBJC_LITERAL_CONVERSION = YES;
				CLANG_WARN_OBJC_ROOT_CLASS = YES_ERROR;
				CLANG_WARN_QUOTED_INCLUDE_IN_FRAMEWORK_HEADER = YES;
				CLANG_WARN_RANGE_LOOP_ANALYSIS = YES;
				CLANG_WARN_STRICT_PROTOTYPES = YES;
				CLANG_WARN_SUSPICIOUS_MOVE = YES;
				CLANG_WARN_UNGUARDED_AVAILABILITY = YES_AGGRESSIVE;
				CLANG_WARN_UNREACHABLE_CODE = YES;
				CLANG_WARN__DUPLICATE_METHOD_MATCH = YES;
				CODE_SIGN_STYLE = Automatic;
				COPY_PHASE_STRIP = NO;
				DEBUG_INFORMATION_FORMAT = dwarf;
				DEVELOPMENT_TEAM = W3UM55KY7Y;
				ENABLE_STRICT_OBJC_MSGSEND = YES;
				ENABLE_TESTABILITY = YES;
				GCC_C_LANGUAGE_STANDARD = gnu11;
				GCC_DYNAMIC_NO_PIC = NO;
				GCC_NO_COMMON_BLOCKS = YES;
				GCC_OPTIMIZATION_LEVEL = 0;
				GCC_PREPROCESSOR_DEFINITIONS = (
					"DEBUG=1",
					"$(inherited)",
				);
				GCC_WARN_64_TO_32_BIT_CONVERSION = YES;
				GCC_WARN_ABOUT_RETURN_TYPE = YES_ERROR;
				GCC_WARN_UNDECLARED_SELECTOR = YES;
				GCC_WARN_UNINITIALIZED_AUTOS = YES_AGGRESSIVE;
				GCC_WARN_UNUSED_FUNCTION = YES;
				GCC_WARN_UNUSED_VARIABLE = YES;
				INFOPLIST_FILE = calculatorTests/Info.plist;
				IPHONEOS_DEPLOYMENT_TARGET = 14.5;
				LD_RUNPATH_SEARCH_PATHS = (
					"$(inherited)",
					"@executable_path/Frameworks",
					"@loader_path/Frameworks",
				);
				MTL_ENABLE_DEBUG_INFO = INCLUDE_SOURCE;
				MTL_FAST_MATH = YES;
				ONLY_ACTIVE_ARCH = YES;
				PRODUCT_BUNDLE_IDENTIFIER = com.esek13ls.calculatorTests;
				PRODUCT_NAME = "$(TARGET_NAME)";
				SDKROOT = iphoneos;
				SWIFT_ACTIVE_COMPILATION_CONDITIONS = DEBUG;
				SWIFT_OPTIMIZATION_LEVEL = "-Onone";
				SWIFT_VERSION = 5.0;
				TARGETED_DEVICE_FAMILY = "1,2";
			};
			name = "Debug (prod)";
		};
		8A67F4CA2678F7B5001F41C8 /* Release (dev) */ = {
			isa = XCBuildConfiguration;
			baseConfigurationReference = 91B9A19168996CF5AEDBFD3A /* Pods-calculator-calculatorTests.release (dev).xcconfig */;
			buildSettings = {
				ALWAYS_SEARCH_USER_PATHS = NO;
				CLANG_ANALYZER_NONNULL = YES;
				CLANG_ANALYZER_NUMBER_OBJECT_CONVERSION = YES_AGGRESSIVE;
				CLANG_CXX_LANGUAGE_STANDARD = "gnu++14";
				CLANG_CXX_LIBRARY = "libc++";
				CLANG_ENABLE_MODULES = YES;
				CLANG_ENABLE_OBJC_ARC = YES;
				CLANG_ENABLE_OBJC_WEAK = YES;
				CLANG_WARN_BLOCK_CAPTURE_AUTORELEASING = YES;
				CLANG_WARN_BOOL_CONVERSION = YES;
				CLANG_WARN_COMMA = YES;
				CLANG_WARN_CONSTANT_CONVERSION = YES;
				CLANG_WARN_DEPRECATED_OBJC_IMPLEMENTATIONS = YES;
				CLANG_WARN_DIRECT_OBJC_ISA_USAGE = YES_ERROR;
				CLANG_WARN_DOCUMENTATION_COMMENTS = YES;
				CLANG_WARN_EMPTY_BODY = YES;
				CLANG_WARN_ENUM_CONVERSION = YES;
				CLANG_WARN_INFINITE_RECURSION = YES;
				CLANG_WARN_INT_CONVERSION = YES;
				CLANG_WARN_NON_LITERAL_NULL_CONVERSION = YES;
				CLANG_WARN_OBJC_IMPLICIT_RETAIN_SELF = YES;
				CLANG_WARN_OBJC_LITERAL_CONVERSION = YES;
				CLANG_WARN_OBJC_ROOT_CLASS = YES_ERROR;
				CLANG_WARN_QUOTED_INCLUDE_IN_FRAMEWORK_HEADER = YES;
				CLANG_WARN_RANGE_LOOP_ANALYSIS = YES;
				CLANG_WARN_STRICT_PROTOTYPES = YES;
				CLANG_WARN_SUSPICIOUS_MOVE = YES;
				CLANG_WARN_UNGUARDED_AVAILABILITY = YES_AGGRESSIVE;
				CLANG_WARN_UNREACHABLE_CODE = YES;
				CLANG_WARN__DUPLICATE_METHOD_MATCH = YES;
				CODE_SIGN_STYLE = Automatic;
				COPY_PHASE_STRIP = NO;
				DEBUG_INFORMATION_FORMAT = "dwarf-with-dsym";
				DEVELOPMENT_TEAM = W3UM55KY7Y;
				ENABLE_NS_ASSERTIONS = NO;
				ENABLE_STRICT_OBJC_MSGSEND = YES;
				GCC_C_LANGUAGE_STANDARD = gnu11;
				GCC_NO_COMMON_BLOCKS = YES;
				GCC_WARN_64_TO_32_BIT_CONVERSION = YES;
				GCC_WARN_ABOUT_RETURN_TYPE = YES_ERROR;
				GCC_WARN_UNDECLARED_SELECTOR = YES;
				GCC_WARN_UNINITIALIZED_AUTOS = YES_AGGRESSIVE;
				GCC_WARN_UNUSED_FUNCTION = YES;
				GCC_WARN_UNUSED_VARIABLE = YES;
				INFOPLIST_FILE = calculatorTests/Info.plist;
				IPHONEOS_DEPLOYMENT_TARGET = 14.5;
				LD_RUNPATH_SEARCH_PATHS = (
					"$(inherited)",
					"@executable_path/Frameworks",
					"@loader_path/Frameworks",
				);
				MTL_ENABLE_DEBUG_INFO = NO;
				MTL_FAST_MATH = YES;
				PRODUCT_BUNDLE_IDENTIFIER = com.esek13ls.calculatorTests;
				PRODUCT_NAME = "$(TARGET_NAME)";
				SDKROOT = iphoneos;
				SWIFT_COMPILATION_MODE = wholemodule;
				SWIFT_OPTIMIZATION_LEVEL = "-O";
				SWIFT_VERSION = 5.0;
				TARGETED_DEVICE_FAMILY = "1,2";
				VALIDATE_PRODUCT = YES;
			};
			name = "Release (dev)";
		};
		8A67F4CB2678F7B5001F41C8 /* Release (prod) */ = {
			isa = XCBuildConfiguration;
			baseConfigurationReference = 58B1ECDD1C8A78AE6B75DB93 /* Pods-calculator-calculatorTests.release (prod).xcconfig */;
			buildSettings = {
				ALWAYS_SEARCH_USER_PATHS = NO;
				CLANG_ANALYZER_NONNULL = YES;
				CLANG_ANALYZER_NUMBER_OBJECT_CONVERSION = YES_AGGRESSIVE;
				CLANG_CXX_LANGUAGE_STANDARD = "gnu++14";
				CLANG_CXX_LIBRARY = "libc++";
				CLANG_ENABLE_MODULES = YES;
				CLANG_ENABLE_OBJC_ARC = YES;
				CLANG_ENABLE_OBJC_WEAK = YES;
				CLANG_WARN_BLOCK_CAPTURE_AUTORELEASING = YES;
				CLANG_WARN_BOOL_CONVERSION = YES;
				CLANG_WARN_COMMA = YES;
				CLANG_WARN_CONSTANT_CONVERSION = YES;
				CLANG_WARN_DEPRECATED_OBJC_IMPLEMENTATIONS = YES;
				CLANG_WARN_DIRECT_OBJC_ISA_USAGE = YES_ERROR;
				CLANG_WARN_DOCUMENTATION_COMMENTS = YES;
				CLANG_WARN_EMPTY_BODY = YES;
				CLANG_WARN_ENUM_CONVERSION = YES;
				CLANG_WARN_INFINITE_RECURSION = YES;
				CLANG_WARN_INT_CONVERSION = YES;
				CLANG_WARN_NON_LITERAL_NULL_CONVERSION = YES;
				CLANG_WARN_OBJC_IMPLICIT_RETAIN_SELF = YES;
				CLANG_WARN_OBJC_LITERAL_CONVERSION = YES;
				CLANG_WARN_OBJC_ROOT_CLASS = YES_ERROR;
				CLANG_WARN_QUOTED_INCLUDE_IN_FRAMEWORK_HEADER = YES;
				CLANG_WARN_RANGE_LOOP_ANALYSIS = YES;
				CLANG_WARN_STRICT_PROTOTYPES = YES;
				CLANG_WARN_SUSPICIOUS_MOVE = YES;
				CLANG_WARN_UNGUARDED_AVAILABILITY = YES_AGGRESSIVE;
				CLANG_WARN_UNREACHABLE_CODE = YES;
				CLANG_WARN__DUPLICATE_METHOD_MATCH = YES;
				CODE_SIGN_STYLE = Automatic;
				COPY_PHASE_STRIP = NO;
				DEBUG_INFORMATION_FORMAT = "dwarf-with-dsym";
				DEVELOPMENT_TEAM = W3UM55KY7Y;
				ENABLE_NS_ASSERTIONS = NO;
				ENABLE_STRICT_OBJC_MSGSEND = YES;
				GCC_C_LANGUAGE_STANDARD = gnu11;
				GCC_NO_COMMON_BLOCKS = YES;
				GCC_WARN_64_TO_32_BIT_CONVERSION = YES;
				GCC_WARN_ABOUT_RETURN_TYPE = YES_ERROR;
				GCC_WARN_UNDECLARED_SELECTOR = YES;
				GCC_WARN_UNINITIALIZED_AUTOS = YES_AGGRESSIVE;
				GCC_WARN_UNUSED_FUNCTION = YES;
				GCC_WARN_UNUSED_VARIABLE = YES;
				INFOPLIST_FILE = calculatorTests/Info.plist;
				IPHONEOS_DEPLOYMENT_TARGET = 14.5;
				LD_RUNPATH_SEARCH_PATHS = (
					"$(inherited)",
					"@executable_path/Frameworks",
					"@loader_path/Frameworks",
				);
				MTL_ENABLE_DEBUG_INFO = NO;
				MTL_FAST_MATH = YES;
				PRODUCT_BUNDLE_IDENTIFIER = com.esek13ls.calculatorTests;
				PRODUCT_NAME = "$(TARGET_NAME)";
				SDKROOT = iphoneos;
				SWIFT_COMPILATION_MODE = wholemodule;
				SWIFT_OPTIMIZATION_LEVEL = "-O";
				SWIFT_VERSION = 5.0;
				TARGETED_DEVICE_FAMILY = "1,2";
				VALIDATE_PRODUCT = YES;
			};
			name = "Release (prod)";
		};
		8A7B5902266B3725006DB76F /* Debug (dev) */ = {
			isa = XCBuildConfiguration;
			buildSettings = {
				ALWAYS_SEARCH_USER_PATHS = NO;
				CLANG_ANALYZER_NONNULL = YES;
				CLANG_ANALYZER_NUMBER_OBJECT_CONVERSION = YES_AGGRESSIVE;
				CLANG_CXX_LANGUAGE_STANDARD = "gnu++14";
				CLANG_CXX_LIBRARY = "libc++";
				CLANG_ENABLE_MODULES = YES;
				CLANG_ENABLE_OBJC_ARC = YES;
				CLANG_ENABLE_OBJC_WEAK = YES;
				CLANG_WARN_BLOCK_CAPTURE_AUTORELEASING = YES;
				CLANG_WARN_BOOL_CONVERSION = YES;
				CLANG_WARN_COMMA = YES;
				CLANG_WARN_CONSTANT_CONVERSION = YES;
				CLANG_WARN_DEPRECATED_OBJC_IMPLEMENTATIONS = YES;
				CLANG_WARN_DIRECT_OBJC_ISA_USAGE = YES_ERROR;
				CLANG_WARN_DOCUMENTATION_COMMENTS = YES;
				CLANG_WARN_EMPTY_BODY = YES;
				CLANG_WARN_ENUM_CONVERSION = YES;
				CLANG_WARN_INFINITE_RECURSION = YES;
				CLANG_WARN_INT_CONVERSION = YES;
				CLANG_WARN_NON_LITERAL_NULL_CONVERSION = YES;
				CLANG_WARN_OBJC_IMPLICIT_RETAIN_SELF = YES;
				CLANG_WARN_OBJC_LITERAL_CONVERSION = YES;
				CLANG_WARN_OBJC_ROOT_CLASS = YES_ERROR;
				CLANG_WARN_QUOTED_INCLUDE_IN_FRAMEWORK_HEADER = YES;
				CLANG_WARN_RANGE_LOOP_ANALYSIS = YES;
				CLANG_WARN_STRICT_PROTOTYPES = YES;
				CLANG_WARN_SUSPICIOUS_MOVE = YES;
				CLANG_WARN_UNGUARDED_AVAILABILITY = YES_AGGRESSIVE;
				CLANG_WARN_UNREACHABLE_CODE = YES;
				CLANG_WARN__DUPLICATE_METHOD_MATCH = YES;
				COPY_PHASE_STRIP = NO;
				CURRENT_PROJECT_VERSION = 1;
				DEBUG_INFORMATION_FORMAT = dwarf;
				ENABLE_STRICT_OBJC_MSGSEND = YES;
				ENABLE_TESTABILITY = YES;
				GCC_C_LANGUAGE_STANDARD = gnu11;
				GCC_DYNAMIC_NO_PIC = NO;
				GCC_NO_COMMON_BLOCKS = YES;
				GCC_OPTIMIZATION_LEVEL = 0;
				GCC_PREPROCESSOR_DEFINITIONS = (
					"DEBUG=1",
					"$(inherited)",
				);
				GCC_WARN_64_TO_32_BIT_CONVERSION = YES;
				GCC_WARN_ABOUT_RETURN_TYPE = YES_ERROR;
				GCC_WARN_UNDECLARED_SELECTOR = YES;
				GCC_WARN_UNINITIALIZED_AUTOS = YES_AGGRESSIVE;
				GCC_WARN_UNUSED_FUNCTION = YES;
				GCC_WARN_UNUSED_VARIABLE = YES;
				IPHONEOS_DEPLOYMENT_TARGET = 14.4;
				MTL_ENABLE_DEBUG_INFO = INCLUDE_SOURCE;
				MTL_FAST_MATH = YES;
				ONLY_ACTIVE_ARCH = YES;
				SDKROOT = iphoneos;
				SWIFT_ACTIVE_COMPILATION_CONDITIONS = DEBUG;
				SWIFT_OPTIMIZATION_LEVEL = "-Onone";
				VERSIONING_SYSTEM = "apple-generic";
				VERSION_INFO_PREFIX = "";
			};
			name = "Debug (dev)";
		};
		8A7B5903266B3725006DB76F /* Release (dev) */ = {
			isa = XCBuildConfiguration;
			buildSettings = {
				ALWAYS_SEARCH_USER_PATHS = NO;
				CLANG_ANALYZER_NONNULL = YES;
				CLANG_ANALYZER_NUMBER_OBJECT_CONVERSION = YES_AGGRESSIVE;
				CLANG_CXX_LANGUAGE_STANDARD = "gnu++14";
				CLANG_CXX_LIBRARY = "libc++";
				CLANG_ENABLE_MODULES = YES;
				CLANG_ENABLE_OBJC_ARC = YES;
				CLANG_ENABLE_OBJC_WEAK = YES;
				CLANG_WARN_BLOCK_CAPTURE_AUTORELEASING = YES;
				CLANG_WARN_BOOL_CONVERSION = YES;
				CLANG_WARN_COMMA = YES;
				CLANG_WARN_CONSTANT_CONVERSION = YES;
				CLANG_WARN_DEPRECATED_OBJC_IMPLEMENTATIONS = YES;
				CLANG_WARN_DIRECT_OBJC_ISA_USAGE = YES_ERROR;
				CLANG_WARN_DOCUMENTATION_COMMENTS = YES;
				CLANG_WARN_EMPTY_BODY = YES;
				CLANG_WARN_ENUM_CONVERSION = YES;
				CLANG_WARN_INFINITE_RECURSION = YES;
				CLANG_WARN_INT_CONVERSION = YES;
				CLANG_WARN_NON_LITERAL_NULL_CONVERSION = YES;
				CLANG_WARN_OBJC_IMPLICIT_RETAIN_SELF = YES;
				CLANG_WARN_OBJC_LITERAL_CONVERSION = YES;
				CLANG_WARN_OBJC_ROOT_CLASS = YES_ERROR;
				CLANG_WARN_QUOTED_INCLUDE_IN_FRAMEWORK_HEADER = YES;
				CLANG_WARN_RANGE_LOOP_ANALYSIS = YES;
				CLANG_WARN_STRICT_PROTOTYPES = YES;
				CLANG_WARN_SUSPICIOUS_MOVE = YES;
				CLANG_WARN_UNGUARDED_AVAILABILITY = YES_AGGRESSIVE;
				CLANG_WARN_UNREACHABLE_CODE = YES;
				CLANG_WARN__DUPLICATE_METHOD_MATCH = YES;
				COPY_PHASE_STRIP = NO;
				CURRENT_PROJECT_VERSION = 1;
				DEBUG_INFORMATION_FORMAT = "dwarf-with-dsym";
				ENABLE_NS_ASSERTIONS = NO;
				ENABLE_STRICT_OBJC_MSGSEND = YES;
				GCC_C_LANGUAGE_STANDARD = gnu11;
				GCC_NO_COMMON_BLOCKS = YES;
				GCC_WARN_64_TO_32_BIT_CONVERSION = YES;
				GCC_WARN_ABOUT_RETURN_TYPE = YES_ERROR;
				GCC_WARN_UNDECLARED_SELECTOR = YES;
				GCC_WARN_UNINITIALIZED_AUTOS = YES_AGGRESSIVE;
				GCC_WARN_UNUSED_FUNCTION = YES;
				GCC_WARN_UNUSED_VARIABLE = YES;
				IPHONEOS_DEPLOYMENT_TARGET = 14.4;
				MTL_ENABLE_DEBUG_INFO = NO;
				MTL_FAST_MATH = YES;
				SDKROOT = iphoneos;
				SWIFT_COMPILATION_MODE = wholemodule;
				SWIFT_OPTIMIZATION_LEVEL = "-O";
				VALIDATE_PRODUCT = YES;
				VERSIONING_SYSTEM = "apple-generic";
				VERSION_INFO_PREFIX = "";
			};
			name = "Release (dev)";
		};
		8A7B5905266B3725006DB76F /* Debug (dev) */ = {
			isa = XCBuildConfiguration;
			baseConfigurationReference = 41F4E9CCA957F143E26CC87A /* Pods-calculator.debug (dev).xcconfig */;
			buildSettings = {
				CLANG_ENABLE_MODULES = YES;
				CODE_SIGN_STYLE = Automatic;
				DEFINES_MODULE = YES;
				DEVELOPMENT_TEAM = W3UM55KY7Y;
				DYLIB_COMPATIBILITY_VERSION = 1;
				DYLIB_CURRENT_VERSION = 1;
				DYLIB_INSTALL_NAME_BASE = "@rpath";
				INFOPLIST_FILE = calculator/Info.plist;
				INSTALL_PATH = "$(LOCAL_LIBRARY_DIR)/Frameworks";
				LD_RUNPATH_SEARCH_PATHS = (
					"$(inherited)",
					"@executable_path/Frameworks",
					"@loader_path/Frameworks",
				);
				PRODUCT_BUNDLE_IDENTIFIER = com.esek13ls.calculator;
				PRODUCT_NAME = "$(TARGET_NAME:c99extidentifier)";
				SKIP_INSTALL = YES;
				SWIFT_OPTIMIZATION_LEVEL = "-Onone";
				SWIFT_VERSION = 5.0;
				TARGETED_DEVICE_FAMILY = "1,2";
			};
			name = "Debug (dev)";
		};
		8A7B5906266B3725006DB76F /* Release (dev) */ = {
			isa = XCBuildConfiguration;
			baseConfigurationReference = 9A227F42C91B1ED3217B13E6 /* Pods-calculator.release (dev).xcconfig */;
			buildSettings = {
				CLANG_ENABLE_MODULES = YES;
				CODE_SIGN_STYLE = Automatic;
				DEFINES_MODULE = YES;
				DEVELOPMENT_TEAM = W3UM55KY7Y;
				DYLIB_COMPATIBILITY_VERSION = 1;
				DYLIB_CURRENT_VERSION = 1;
				DYLIB_INSTALL_NAME_BASE = "@rpath";
				INFOPLIST_FILE = calculator/Info.plist;
				INSTALL_PATH = "$(LOCAL_LIBRARY_DIR)/Frameworks";
				LD_RUNPATH_SEARCH_PATHS = (
					"$(inherited)",
					"@executable_path/Frameworks",
					"@loader_path/Frameworks",
				);
				PRODUCT_BUNDLE_IDENTIFIER = com.esek13ls.calculator;
				PRODUCT_NAME = "$(TARGET_NAME:c99extidentifier)";
				SKIP_INSTALL = YES;
				SWIFT_VERSION = 5.0;
				TARGETED_DEVICE_FAMILY = "1,2";
			};
			name = "Release (dev)";
		};
		8AA0176A266B4F430047C4F8 /* Debug (prod) */ = {
			isa = XCBuildConfiguration;
			buildSettings = {
				ALWAYS_SEARCH_USER_PATHS = NO;
				CLANG_ANALYZER_NONNULL = YES;
				CLANG_ANALYZER_NUMBER_OBJECT_CONVERSION = YES_AGGRESSIVE;
				CLANG_CXX_LANGUAGE_STANDARD = "gnu++14";
				CLANG_CXX_LIBRARY = "libc++";
				CLANG_ENABLE_MODULES = YES;
				CLANG_ENABLE_OBJC_ARC = YES;
				CLANG_ENABLE_OBJC_WEAK = YES;
				CLANG_WARN_BLOCK_CAPTURE_AUTORELEASING = YES;
				CLANG_WARN_BOOL_CONVERSION = YES;
				CLANG_WARN_COMMA = YES;
				CLANG_WARN_CONSTANT_CONVERSION = YES;
				CLANG_WARN_DEPRECATED_OBJC_IMPLEMENTATIONS = YES;
				CLANG_WARN_DIRECT_OBJC_ISA_USAGE = YES_ERROR;
				CLANG_WARN_DOCUMENTATION_COMMENTS = YES;
				CLANG_WARN_EMPTY_BODY = YES;
				CLANG_WARN_ENUM_CONVERSION = YES;
				CLANG_WARN_INFINITE_RECURSION = YES;
				CLANG_WARN_INT_CONVERSION = YES;
				CLANG_WARN_NON_LITERAL_NULL_CONVERSION = YES;
				CLANG_WARN_OBJC_IMPLICIT_RETAIN_SELF = YES;
				CLANG_WARN_OBJC_LITERAL_CONVERSION = YES;
				CLANG_WARN_OBJC_ROOT_CLASS = YES_ERROR;
				CLANG_WARN_QUOTED_INCLUDE_IN_FRAMEWORK_HEADER = YES;
				CLANG_WARN_RANGE_LOOP_ANALYSIS = YES;
				CLANG_WARN_STRICT_PROTOTYPES = YES;
				CLANG_WARN_SUSPICIOUS_MOVE = YES;
				CLANG_WARN_UNGUARDED_AVAILABILITY = YES_AGGRESSIVE;
				CLANG_WARN_UNREACHABLE_CODE = YES;
				CLANG_WARN__DUPLICATE_METHOD_MATCH = YES;
				COPY_PHASE_STRIP = NO;
				CURRENT_PROJECT_VERSION = 1;
				DEBUG_INFORMATION_FORMAT = dwarf;
				ENABLE_STRICT_OBJC_MSGSEND = YES;
				ENABLE_TESTABILITY = YES;
				GCC_C_LANGUAGE_STANDARD = gnu11;
				GCC_DYNAMIC_NO_PIC = NO;
				GCC_NO_COMMON_BLOCKS = YES;
				GCC_OPTIMIZATION_LEVEL = 0;
				GCC_PREPROCESSOR_DEFINITIONS = (
					"DEBUG=1",
					"$(inherited)",
				);
				GCC_WARN_64_TO_32_BIT_CONVERSION = YES;
				GCC_WARN_ABOUT_RETURN_TYPE = YES_ERROR;
				GCC_WARN_UNDECLARED_SELECTOR = YES;
				GCC_WARN_UNINITIALIZED_AUTOS = YES_AGGRESSIVE;
				GCC_WARN_UNUSED_FUNCTION = YES;
				GCC_WARN_UNUSED_VARIABLE = YES;
				IPHONEOS_DEPLOYMENT_TARGET = 14.4;
				MTL_ENABLE_DEBUG_INFO = INCLUDE_SOURCE;
				MTL_FAST_MATH = YES;
				ONLY_ACTIVE_ARCH = YES;
				SDKROOT = iphoneos;
				SWIFT_ACTIVE_COMPILATION_CONDITIONS = DEBUG;
				SWIFT_OPTIMIZATION_LEVEL = "-Onone";
				VERSIONING_SYSTEM = "apple-generic";
				VERSION_INFO_PREFIX = "";
			};
			name = "Debug (prod)";
		};
		8AA0176B266B4F430047C4F8 /* Debug (prod) */ = {
			isa = XCBuildConfiguration;
			baseConfigurationReference = 2F9959940D874D5AC70C988C /* Pods-calculator.debug (prod).xcconfig */;
			buildSettings = {
				CLANG_ENABLE_MODULES = YES;
				CODE_SIGN_STYLE = Automatic;
				DEFINES_MODULE = YES;
				DEVELOPMENT_TEAM = W3UM55KY7Y;
				DYLIB_COMPATIBILITY_VERSION = 1;
				DYLIB_CURRENT_VERSION = 1;
				DYLIB_INSTALL_NAME_BASE = "@rpath";
				INFOPLIST_FILE = calculator/Info.plist;
				INSTALL_PATH = "$(LOCAL_LIBRARY_DIR)/Frameworks";
				LD_RUNPATH_SEARCH_PATHS = (
					"$(inherited)",
					"@executable_path/Frameworks",
					"@loader_path/Frameworks",
				);
				PRODUCT_BUNDLE_IDENTIFIER = com.esek13ls.calculator;
				PRODUCT_NAME = "$(TARGET_NAME:c99extidentifier)";
				SKIP_INSTALL = YES;
				SWIFT_OPTIMIZATION_LEVEL = "-Onone";
				SWIFT_VERSION = 5.0;
				TARGETED_DEVICE_FAMILY = "1,2";
			};
			name = "Debug (prod)";
		};
		8AA0176C266B4F450047C4F8 /* Release (prod) */ = {
			isa = XCBuildConfiguration;
			buildSettings = {
				ALWAYS_SEARCH_USER_PATHS = NO;
				CLANG_ANALYZER_NONNULL = YES;
				CLANG_ANALYZER_NUMBER_OBJECT_CONVERSION = YES_AGGRESSIVE;
				CLANG_CXX_LANGUAGE_STANDARD = "gnu++14";
				CLANG_CXX_LIBRARY = "libc++";
				CLANG_ENABLE_MODULES = YES;
				CLANG_ENABLE_OBJC_ARC = YES;
				CLANG_ENABLE_OBJC_WEAK = YES;
				CLANG_WARN_BLOCK_CAPTURE_AUTORELEASING = YES;
				CLANG_WARN_BOOL_CONVERSION = YES;
				CLANG_WARN_COMMA = YES;
				CLANG_WARN_CONSTANT_CONVERSION = YES;
				CLANG_WARN_DEPRECATED_OBJC_IMPLEMENTATIONS = YES;
				CLANG_WARN_DIRECT_OBJC_ISA_USAGE = YES_ERROR;
				CLANG_WARN_DOCUMENTATION_COMMENTS = YES;
				CLANG_WARN_EMPTY_BODY = YES;
				CLANG_WARN_ENUM_CONVERSION = YES;
				CLANG_WARN_INFINITE_RECURSION = YES;
				CLANG_WARN_INT_CONVERSION = YES;
				CLANG_WARN_NON_LITERAL_NULL_CONVERSION = YES;
				CLANG_WARN_OBJC_IMPLICIT_RETAIN_SELF = YES;
				CLANG_WARN_OBJC_LITERAL_CONVERSION = YES;
				CLANG_WARN_OBJC_ROOT_CLASS = YES_ERROR;
				CLANG_WARN_QUOTED_INCLUDE_IN_FRAMEWORK_HEADER = YES;
				CLANG_WARN_RANGE_LOOP_ANALYSIS = YES;
				CLANG_WARN_STRICT_PROTOTYPES = YES;
				CLANG_WARN_SUSPICIOUS_MOVE = YES;
				CLANG_WARN_UNGUARDED_AVAILABILITY = YES_AGGRESSIVE;
				CLANG_WARN_UNREACHABLE_CODE = YES;
				CLANG_WARN__DUPLICATE_METHOD_MATCH = YES;
				COPY_PHASE_STRIP = NO;
				CURRENT_PROJECT_VERSION = 1;
				DEBUG_INFORMATION_FORMAT = "dwarf-with-dsym";
				ENABLE_NS_ASSERTIONS = NO;
				ENABLE_STRICT_OBJC_MSGSEND = YES;
				GCC_C_LANGUAGE_STANDARD = gnu11;
				GCC_NO_COMMON_BLOCKS = YES;
				GCC_WARN_64_TO_32_BIT_CONVERSION = YES;
				GCC_WARN_ABOUT_RETURN_TYPE = YES_ERROR;
				GCC_WARN_UNDECLARED_SELECTOR = YES;
				GCC_WARN_UNINITIALIZED_AUTOS = YES_AGGRESSIVE;
				GCC_WARN_UNUSED_FUNCTION = YES;
				GCC_WARN_UNUSED_VARIABLE = YES;
				IPHONEOS_DEPLOYMENT_TARGET = 14.4;
				MTL_ENABLE_DEBUG_INFO = NO;
				MTL_FAST_MATH = YES;
				SDKROOT = iphoneos;
				SWIFT_COMPILATION_MODE = wholemodule;
				SWIFT_OPTIMIZATION_LEVEL = "-O";
				VALIDATE_PRODUCT = YES;
				VERSIONING_SYSTEM = "apple-generic";
				VERSION_INFO_PREFIX = "";
			};
			name = "Release (prod)";
		};
		8AA0176D266B4F450047C4F8 /* Release (prod) */ = {
			isa = XCBuildConfiguration;
			baseConfigurationReference = 9F1022A2D37FA355967C3E4E /* Pods-calculator.release (prod).xcconfig */;
			buildSettings = {
				CLANG_ENABLE_MODULES = YES;
				CODE_SIGN_STYLE = Automatic;
				DEFINES_MODULE = YES;
				DEVELOPMENT_TEAM = W3UM55KY7Y;
				DYLIB_COMPATIBILITY_VERSION = 1;
				DYLIB_CURRENT_VERSION = 1;
				DYLIB_INSTALL_NAME_BASE = "@rpath";
				INFOPLIST_FILE = calculator/Info.plist;
				INSTALL_PATH = "$(LOCAL_LIBRARY_DIR)/Frameworks";
				LD_RUNPATH_SEARCH_PATHS = (
					"$(inherited)",
					"@executable_path/Frameworks",
					"@loader_path/Frameworks",
				);
				PRODUCT_BUNDLE_IDENTIFIER = com.esek13ls.calculator;
				PRODUCT_NAME = "$(TARGET_NAME:c99extidentifier)";
				SKIP_INSTALL = YES;
				SWIFT_VERSION = 5.0;
				TARGETED_DEVICE_FAMILY = "1,2";
			};
			name = "Release (prod)";
		};
/* End XCBuildConfiguration section */

/* Begin XCConfigurationList section */
		8A67F4CC2678F7B5001F41C8 /* Build configuration list for PBXNativeTarget "calculatorTests" */ = {
			isa = XCConfigurationList;
			buildConfigurations = (
				8A67F4C82678F7B5001F41C8 /* Debug (dev) */,
				8A67F4C92678F7B5001F41C8 /* Debug (prod) */,
				8A67F4CA2678F7B5001F41C8 /* Release (dev) */,
				8A67F4CB2678F7B5001F41C8 /* Release (prod) */,
			);
			defaultConfigurationIsVisible = 0;
			defaultConfigurationName = "Release (dev)";
		};
		8A7B58F6266B3725006DB76F /* Build configuration list for PBXProject "calculator" */ = {
			isa = XCConfigurationList;
			buildConfigurations = (
				8A7B5902266B3725006DB76F /* Debug (dev) */,
				8AA0176A266B4F430047C4F8 /* Debug (prod) */,
				8A7B5903266B3725006DB76F /* Release (dev) */,
				8AA0176C266B4F450047C4F8 /* Release (prod) */,
			);
			defaultConfigurationIsVisible = 0;
			defaultConfigurationName = "Release (dev)";
		};
		8A7B5904266B3725006DB76F /* Build configuration list for PBXNativeTarget "calculator" */ = {
			isa = XCConfigurationList;
			buildConfigurations = (
				8A7B5905266B3725006DB76F /* Debug (dev) */,
				8AA0176B266B4F430047C4F8 /* Debug (prod) */,
				8A7B5906266B3725006DB76F /* Release (dev) */,
				8AA0176D266B4F450047C4F8 /* Release (prod) */,
			);
			defaultConfigurationIsVisible = 0;
			defaultConfigurationName = "Release (dev)";
		};
/* End XCConfigurationList section */
	};
	rootObject = 8A7B58F3266B3725006DB76F /* Project object */;
}
